// !$*UTF8*$!
{
	archiveVersion = 1;
	classes = {
	};
	objectVersion = 70;
	objects = {

/* Begin PBXBuildFile section */
		011232D02E98376800B92C62 /* (null) in Frameworks */ = {isa = PBXBuildFile; };
		011232D22E98376800B92C62 /* (null) in Frameworks */ = {isa = PBXBuildFile; };
		011232D32E98376800B92C62 /* (null) in Frameworks */ = {isa = PBXBuildFile; };
		017F9F5F2EB145E800789538 /* Sentry in Frameworks */ = {isa = PBXBuildFile; productRef = 017F9F5E2EB145E800789538 /* Sentry */; };
		019A35AA2E860AD500F14F8C /* QuestionnaireData.swift in Sources */ = {isa = PBXBuildFile; fileRef = 019A35A92E860AD500F14F8C /* QuestionnaireData.swift */; };
		019A35AB2E860AD500F14F8C /* QuestionnaireData.swift in Sources */ = {isa = PBXBuildFile; fileRef = 019A35A92E860AD500F14F8C /* QuestionnaireData.swift */; };
		019A35AE2E860AE100F14F8C /* FARTScoreCalculator.swift in Sources */ = {isa = PBXBuildFile; fileRef = 019A35AC2E860AE100F14F8C /* FARTScoreCalculator.swift */; };
		019A35AF2E860AE100F14F8C /* RiskCategorizer.swift in Sources */ = {isa = PBXBuildFile; fileRef = 019A35AD2E860AE100F14F8C /* RiskCategorizer.swift */; };
		019A35B02E860AE100F14F8C /* FARTScoreCalculator.swift in Sources */ = {isa = PBXBuildFile; fileRef = 019A35AC2E860AE100F14F8C /* FARTScoreCalculator.swift */; };
		019A35B12E860AE100F14F8C /* RiskCategorizer.swift in Sources */ = {isa = PBXBuildFile; fileRef = 019A35AD2E860AE100F14F8C /* RiskCategorizer.swift */; };
		019A35B32E861AFE00F14F8C /* Unit Tests.xctestplan in Resources */ = {isa = PBXBuildFile; fileRef = 019A35B22E861AFE00F14F8C /* Unit Tests.xctestplan */; };
		019A35B72E861B4500F14F8C /* UI Tests.xctestplan in Resources */ = {isa = PBXBuildFile; fileRef = 019A35B62E861B4500F14F8C /* UI Tests.xctestplan */; };
		019A35CC2E861FAC00F14F8C /* Generate Screenshots.xctestplan in Resources */ = {isa = PBXBuildFile; fileRef = 019A35CB2E861FAC00F14F8C /* Generate Screenshots.xctestplan */; };
		019DB8472E8780D8002E7411 /* Defaults in Frameworks */ = {isa = PBXBuildFile; productRef = 019DB8462E8780D8002E7411 /* Defaults */; };
		019DB8492E88ECEE002E7411 /* Icon.icon in Resources */ = {isa = PBXBuildFile; fileRef = 019DB8482E88ECEE002E7411 /* Icon.icon */; };
		019DB84A2E88ECEE002E7411 /* Icon.icon in Resources */ = {isa = PBXBuildFile; fileRef = 019DB8482E88ECEE002E7411 /* Icon.icon */; };
		01A849FA266D8B5600D845CB /* Credits.rtf in Resources */ = {isa = PBXBuildFile; fileRef = 01A849F9266D8B5600D845CB /* Credits.rtf */; };
		01BE9C4A266AEBC00026C4ED /* Flight_Assessment_of_Risk_ToolApp.swift in Sources */ = {isa = PBXBuildFile; fileRef = 01BE9C37266AEBBE0026C4ED /* Flight_Assessment_of_Risk_ToolApp.swift */; };
		01BE9C4B266AEBC00026C4ED /* Flight_Assessment_of_Risk_ToolApp.swift in Sources */ = {isa = PBXBuildFile; fileRef = 01BE9C37266AEBBE0026C4ED /* Flight_Assessment_of_Risk_ToolApp.swift */; };
		01BE9C4C266AEBC00026C4ED /* ContentView.swift in Sources */ = {isa = PBXBuildFile; fileRef = 01BE9C38266AEBBE0026C4ED /* ContentView.swift */; };
		01BE9C4D266AEBC00026C4ED /* ContentView.swift in Sources */ = {isa = PBXBuildFile; fileRef = 01BE9C38266AEBBE0026C4ED /* ContentView.swift */; };
		01BE9C4E266AEBC00026C4ED /* Assets.xcassets in Resources */ = {isa = PBXBuildFile; fileRef = 01BE9C39266AEBC00026C4ED /* Assets.xcassets */; };
		01BE9C4F266AEBC00026C4ED /* Assets.xcassets in Resources */ = {isa = PBXBuildFile; fileRef = 01BE9C39266AEBC00026C4ED /* Assets.xcassets */; };
		01BE9C59266AEC4E0026C4ED /* Questionnaire.swift in Sources */ = {isa = PBXBuildFile; fileRef = 01BE9C58266AEC4E0026C4ED /* Questionnaire.swift */; };
		01BE9C5A266AEC4E0026C4ED /* Questionnaire.swift in Sources */ = {isa = PBXBuildFile; fileRef = 01BE9C58266AEC4E0026C4ED /* Questionnaire.swift */; };
		01BE9C62266AF6DB0026C4ED /* Scoring.swift in Sources */ = {isa = PBXBuildFile; fileRef = 01BE9C61266AF6DB0026C4ED /* Scoring.swift */; };
		01BE9C63266AF6DB0026C4ED /* Scoring.swift in Sources */ = {isa = PBXBuildFile; fileRef = 01BE9C61266AF6DB0026C4ED /* Scoring.swift */; };
		01BE9C68266AFE8A0026C4ED /* Pilot.swift in Sources */ = {isa = PBXBuildFile; fileRef = 01BE9C67266AFE8A0026C4ED /* Pilot.swift */; };
		01BE9C69266AFE8A0026C4ED /* Pilot.swift in Sources */ = {isa = PBXBuildFile; fileRef = 01BE9C67266AFE8A0026C4ED /* Pilot.swift */; };
		01CDECC9266C0F10003051FD /* Gauge.swift in Sources */ = {isa = PBXBuildFile; fileRef = 01CDECC8266C0F10003051FD /* Gauge.swift */; };
		01CDECCA266C0F10003051FD /* Gauge.swift in Sources */ = {isa = PBXBuildFile; fileRef = 01CDECC8266C0F10003051FD /* Gauge.swift */; };
		01CDECCF266C1FEC003051FD /* AboutView.swift in Sources */ = {isa = PBXBuildFile; fileRef = 01CDECCE266C1FEC003051FD /* AboutView.swift */; };
		01CDECD0266C1FEC003051FD /* AboutView.swift in Sources */ = {isa = PBXBuildFile; fileRef = 01CDECCE266C1FEC003051FD /* AboutView.swift */; };
		01D25065266B1B1C009BECAA /* PilotProfileView.swift in Sources */ = {isa = PBXBuildFile; fileRef = 01D25064266B1B1C009BECAA /* PilotProfileView.swift */; };
		01D25066266B1B1C009BECAA /* PilotProfileView.swift in Sources */ = {isa = PBXBuildFile; fileRef = 01D25064266B1B1C009BECAA /* PilotProfileView.swift */; };
		01D25068266B208F009BECAA /* PilotView.swift in Sources */ = {isa = PBXBuildFile; fileRef = 01D25067266B208F009BECAA /* PilotView.swift */; };
		01D25069266B208F009BECAA /* PilotView.swift in Sources */ = {isa = PBXBuildFile; fileRef = 01D25067266B208F009BECAA /* PilotView.swift */; };
		01D2506B266B2351009BECAA /* ConditionsView.swift in Sources */ = {isa = PBXBuildFile; fileRef = 01D2506A266B2351009BECAA /* ConditionsView.swift */; };
		01D2506C266B2351009BECAA /* ConditionsView.swift in Sources */ = {isa = PBXBuildFile; fileRef = 01D2506A266B2351009BECAA /* ConditionsView.swift */; };
		01D2506E266B2795009BECAA /* AirportView.swift in Sources */ = {isa = PBXBuildFile; fileRef = 01D2506D266B2795009BECAA /* AirportView.swift */; };
		01D2506F266B2795009BECAA /* AirportView.swift in Sources */ = {isa = PBXBuildFile; fileRef = 01D2506D266B2795009BECAA /* AirportView.swift */; };
		01D25071266B29A2009BECAA /* QuestionnaireView.swift in Sources */ = {isa = PBXBuildFile; fileRef = 01D25070266B29A2009BECAA /* QuestionnaireView.swift */; };
		01D25072266B29A2009BECAA /* QuestionnaireView.swift in Sources */ = {isa = PBXBuildFile; fileRef = 01D25070266B29A2009BECAA /* QuestionnaireView.swift */; };
		01D25075266B2D36009BECAA /* WeatherView.swift in Sources */ = {isa = PBXBuildFile; fileRef = 01D25074266B2D36009BECAA /* WeatherView.swift */; };
		01D25076266B2D36009BECAA /* WeatherView.swift in Sources */ = {isa = PBXBuildFile; fileRef = 01D25074266B2D36009BECAA /* WeatherView.swift */; };
		01D25078266B3F0E009BECAA /* Formatters.swift in Sources */ = {isa = PBXBuildFile; fileRef = 01D25077266B3F0E009BECAA /* Formatters.swift */; };
		01D25079266B3F0E009BECAA /* Formatters.swift in Sources */ = {isa = PBXBuildFile; fileRef = 01D25077266B3F0E009BECAA /* Formatters.swift */; };
		01D2507C266B436F009BECAA /* Defaults in Frameworks */ = {isa = PBXBuildFile; productRef = 01D2507B266B436F009BECAA /* Defaults */; };
		01D2507F266B437B009BECAA /* Defaults in Frameworks */ = {isa = PBXBuildFile; productRef = 01D2507E266B437B009BECAA /* Defaults */; };
		01D25081266B438C009BECAA /* Defaults.swift in Sources */ = {isa = PBXBuildFile; fileRef = 01D25080266B438C009BECAA /* Defaults.swift */; };
		01D25082266B438C009BECAA /* Defaults.swift in Sources */ = {isa = PBXBuildFile; fileRef = 01D25080266B438C009BECAA /* Defaults.swift */; };
		01D25084266B4871009BECAA /* IntegerField.swift in Sources */ = {isa = PBXBuildFile; fileRef = 01D25083266B4871009BECAA /* IntegerField.swift */; };
		01D25085266B4871009BECAA /* IntegerField.swift in Sources */ = {isa = PBXBuildFile; fileRef = 01D25083266B4871009BECAA /* IntegerField.swift */; };
		01D25088266B4EED009BECAA /* String.swift in Sources */ = {isa = PBXBuildFile; fileRef = 01D25087266B4EED009BECAA /* String.swift */; };
		01D25089266B4EED009BECAA /* String.swift in Sources */ = {isa = PBXBuildFile; fileRef = 01D25087266B4EED009BECAA /* String.swift */; };
		01D2508B266B5290009BECAA /* ResultsView.swift in Sources */ = {isa = PBXBuildFile; fileRef = 01D2508A266B5290009BECAA /* ResultsView.swift */; };
		01D2508C266B5290009BECAA /* ResultsView.swift in Sources */ = {isa = PBXBuildFile; fileRef = 01D2508A266B5290009BECAA /* ResultsView.swift */; };
		6596F9CC75CE466A97B70D7A /* Sentry in Frameworks */ = {isa = PBXBuildFile; productRef = 9373A74ADA3745F38306B8B8 /* Sentry */; };
/* End PBXBuildFile section */

/* Begin PBXContainerItemProxy section */
		019A35932E85FAE100F14F8C /* PBXContainerItemProxy */ = {
			isa = PBXContainerItemProxy;
			containerPortal = 01BE9C32266AEBBE0026C4ED /* Project object */;
			proxyType = 1;
			remoteGlobalIDString = 01BE9C3D266AEBC00026C4ED;
			remoteInfo = "FART (iOS)";
		};
		019A35A22E85FAF100F14F8C /* PBXContainerItemProxy */ = {
			isa = PBXContainerItemProxy;
			containerPortal = 01BE9C32266AEBBE0026C4ED /* Project object */;
			proxyType = 1;
			remoteGlobalIDString = 01BE9C3D266AEBC00026C4ED;
			remoteInfo = "FART (iOS)";
		};
		019A35C42E861E4C00F14F8C /* PBXContainerItemProxy */ = {
			isa = PBXContainerItemProxy;
			containerPortal = 01BE9C32266AEBBE0026C4ED /* Project object */;
			proxyType = 1;
			remoteGlobalIDString = 01BE9C3D266AEBC00026C4ED;
			remoteInfo = "FART (iOS)";
		};
/* End PBXContainerItemProxy section */

/* Begin PBXFileReference section */
		019A358F2E85FAE100F14F8C /* FARTUnitTests.xctest */ = {isa = PBXFileReference; explicitFileType = wrapper.cfbundle; includeInIndex = 0; path = FARTUnitTests.xctest; sourceTree = BUILT_PRODUCTS_DIR; };
		019A359C2E85FAF100F14F8C /* FARTUITests.xctest */ = {isa = PBXFileReference; explicitFileType = wrapper.cfbundle; includeInIndex = 0; path = FARTUITests.xctest; sourceTree = BUILT_PRODUCTS_DIR; };
		019A35A92E860AD500F14F8C /* QuestionnaireData.swift */ = {isa = PBXFileReference; lastKnownFileType = sourcecode.swift; path = QuestionnaireData.swift; sourceTree = "<group>"; };
		019A35AC2E860AE100F14F8C /* FARTScoreCalculator.swift */ = {isa = PBXFileReference; lastKnownFileType = sourcecode.swift; path = FARTScoreCalculator.swift; sourceTree = "<group>"; };
		019A35AD2E860AE100F14F8C /* RiskCategorizer.swift */ = {isa = PBXFileReference; lastKnownFileType = sourcecode.swift; path = RiskCategorizer.swift; sourceTree = "<group>"; };
		019A35B22E861AFE00F14F8C /* Unit Tests.xctestplan */ = {isa = PBXFileReference; lastKnownFileType = text; name = "Unit Tests.xctestplan"; path = "FARTUnitTests/Unit Tests.xctestplan"; sourceTree = "<group>"; };
		019A35B62E861B4500F14F8C /* UI Tests.xctestplan */ = {isa = PBXFileReference; lastKnownFileType = text; name = "UI Tests.xctestplan"; path = "FARTUITests/UI Tests.xctestplan"; sourceTree = "<group>"; };
		019A35BE2E861E4C00F14F8C /* Generate Screenshots.xctest */ = {isa = PBXFileReference; explicitFileType = wrapper.cfbundle; includeInIndex = 0; path = "Generate Screenshots.xctest"; sourceTree = BUILT_PRODUCTS_DIR; };
		019A35CB2E861FAC00F14F8C /* Generate Screenshots.xctestplan */ = {isa = PBXFileReference; lastKnownFileType = text; name = "Generate Screenshots.xctestplan"; path = "Generate Screenshots/Generate Screenshots.xctestplan"; sourceTree = "<group>"; };
		019DB8482E88ECEE002E7411 /* Icon.icon */ = {isa = PBXFileReference; lastKnownFileType = folder.iconcomposer.icon; path = Icon.icon; sourceTree = "<group>"; };
		01A849F9266D8B5600D845CB /* Credits.rtf */ = {isa = PBXFileReference; fileEncoding = 4; lastKnownFileType = text.rtf; path = Credits.rtf; sourceTree = "<group>"; };
		01BE9C37266AEBBE0026C4ED /* Flight_Assessment_of_Risk_ToolApp.swift */ = {isa = PBXFileReference; lastKnownFileType = sourcecode.swift; path = Flight_Assessment_of_Risk_ToolApp.swift; sourceTree = "<group>"; };
		01BE9C38266AEBBE0026C4ED /* ContentView.swift */ = {isa = PBXFileReference; lastKnownFileType = sourcecode.swift; path = ContentView.swift; sourceTree = "<group>"; };
		01BE9C39266AEBC00026C4ED /* Assets.xcassets */ = {isa = PBXFileReference; lastKnownFileType = folder.assetcatalog; path = Assets.xcassets; sourceTree = "<group>"; };
		01BE9C3E266AEBC00026C4ED /* Flight Assessment of Risk Tool.app */ = {isa = PBXFileReference; explicitFileType = wrapper.application; includeInIndex = 0; path = "Flight Assessment of Risk Tool.app"; sourceTree = BUILT_PRODUCTS_DIR; };
		01BE9C41266AEBC00026C4ED /* Info.plist */ = {isa = PBXFileReference; lastKnownFileType = text.plist.xml; path = Info.plist; sourceTree = "<group>"; };
		01BE9C46266AEBC00026C4ED /* Flight Assessment of Risk Tool.app */ = {isa = PBXFileReference; explicitFileType = wrapper.application; includeInIndex = 0; path = "Flight Assessment of Risk Tool.app"; sourceTree = BUILT_PRODUCTS_DIR; };
		01BE9C48266AEBC00026C4ED /* Info.plist */ = {isa = PBXFileReference; lastKnownFileType = text.plist.xml; path = Info.plist; sourceTree = "<group>"; };
		01BE9C49266AEBC00026C4ED /* macOS.entitlements */ = {isa = PBXFileReference; lastKnownFileType = text.plist.entitlements; path = macOS.entitlements; sourceTree = "<group>"; };
		01BE9C58266AEC4E0026C4ED /* Questionnaire.swift */ = {isa = PBXFileReference; lastKnownFileType = sourcecode.swift; path = Questionnaire.swift; sourceTree = "<group>"; };
		01BE9C61266AF6DB0026C4ED /* Scoring.swift */ = {isa = PBXFileReference; lastKnownFileType = sourcecode.swift; path = Scoring.swift; sourceTree = "<group>"; };
		01BE9C67266AFE8A0026C4ED /* Pilot.swift */ = {isa = PBXFileReference; lastKnownFileType = sourcecode.swift; path = Pilot.swift; sourceTree = "<group>"; };
		01CDECC8266C0F10003051FD /* Gauge.swift */ = {isa = PBXFileReference; lastKnownFileType = sourcecode.swift; path = Gauge.swift; sourceTree = "<group>"; };
		01CDECCE266C1FEC003051FD /* AboutView.swift */ = {isa = PBXFileReference; lastKnownFileType = sourcecode.swift; path = AboutView.swift; sourceTree = "<group>"; };
		01D25064266B1B1C009BECAA /* PilotProfileView.swift */ = {isa = PBXFileReference; lastKnownFileType = sourcecode.swift; path = PilotProfileView.swift; sourceTree = "<group>"; };
		01D25067266B208F009BECAA /* PilotView.swift */ = {isa = PBXFileReference; lastKnownFileType = sourcecode.swift; path = PilotView.swift; sourceTree = "<group>"; };
		01D2506A266B2351009BECAA /* ConditionsView.swift */ = {isa = PBXFileReference; lastKnownFileType = sourcecode.swift; path = ConditionsView.swift; sourceTree = "<group>"; };
		01D2506D266B2795009BECAA /* AirportView.swift */ = {isa = PBXFileReference; lastKnownFileType = sourcecode.swift; path = AirportView.swift; sourceTree = "<group>"; };
		01D25070266B29A2009BECAA /* QuestionnaireView.swift */ = {isa = PBXFileReference; lastKnownFileType = sourcecode.swift; path = QuestionnaireView.swift; sourceTree = "<group>"; };
		01D25074266B2D36009BECAA /* WeatherView.swift */ = {isa = PBXFileReference; lastKnownFileType = sourcecode.swift; path = WeatherView.swift; sourceTree = "<group>"; };
		01D25077266B3F0E009BECAA /* Formatters.swift */ = {isa = PBXFileReference; lastKnownFileType = sourcecode.swift; path = Formatters.swift; sourceTree = "<group>"; };
		01D25080266B438C009BECAA /* Defaults.swift */ = {isa = PBXFileReference; lastKnownFileType = sourcecode.swift; path = Defaults.swift; sourceTree = "<group>"; };
		01D25083266B4871009BECAA /* IntegerField.swift */ = {isa = PBXFileReference; lastKnownFileType = sourcecode.swift; path = IntegerField.swift; sourceTree = "<group>"; };
		01D25087266B4EED009BECAA /* String.swift */ = {isa = PBXFileReference; lastKnownFileType = sourcecode.swift; path = String.swift; sourceTree = "<group>"; };
		01D2508A266B5290009BECAA /* ResultsView.swift */ = {isa = PBXFileReference; lastKnownFileType = sourcecode.swift; path = ResultsView.swift; sourceTree = "<group>"; };
/* End PBXFileReference section */

/* Begin PBXFileSystemSynchronizedBuildFileExceptionSet section */
		0136708E2E8759D30098F3D1 /* PBXFileSystemSynchronizedBuildFileExceptionSet */ = {
			isa = PBXFileSystemSynchronizedBuildFileExceptionSet;
			membershipExceptions = (
				Extensions.swift,
			);
			target = 019A35BD2E861E4C00F14F8C /* Generate Screenshots */;
		};
/* End PBXFileSystemSynchronizedBuildFileExceptionSet section */

/* Begin PBXFileSystemSynchronizedRootGroup section */
		019A35902E85FAE100F14F8C /* FARTUnitTests */ = {isa = PBXFileSystemSynchronizedRootGroup; explicitFileTypes = {}; explicitFolders = (); path = FARTUnitTests; sourceTree = "<group>"; };
		019A359D2E85FAF100F14F8C /* FARTUITests */ = {isa = PBXFileSystemSynchronizedRootGroup; exceptions = (0136708E2E8759D30098F3D1 /* PBXFileSystemSynchronizedBuildFileExceptionSet */, ); explicitFileTypes = {}; explicitFolders = (); path = FARTUITests; sourceTree = "<group>"; };
		019A35BF2E861E4C00F14F8C /* Generate Screenshots */ = {isa = PBXFileSystemSynchronizedRootGroup; explicitFileTypes = {}; explicitFolders = (); path = "Generate Screenshots"; sourceTree = "<group>"; };
/* End PBXFileSystemSynchronizedRootGroup section */

/* Begin PBXFrameworksBuildPhase section */
		019A358C2E85FAE100F14F8C /* Frameworks */ = {
			isa = PBXFrameworksBuildPhase;
			buildActionMask = 2147483647;
			files = (
				019DB8472E8780D8002E7411 /* Defaults in Frameworks */,
				011232D22E98376800B92C62 /* (null) in Frameworks */,
			);
			runOnlyForDeploymentPostprocessing = 0;
		};
		019A35992E85FAF100F14F8C /* Frameworks */ = {
			isa = PBXFrameworksBuildPhase;
			buildActionMask = 2147483647;
			files = (
				011232D32E98376800B92C62 /* (null) in Frameworks */,
			);
			runOnlyForDeploymentPostprocessing = 0;
		};
		019A35BB2E861E4C00F14F8C /* Frameworks */ = {
			isa = PBXFrameworksBuildPhase;
			buildActionMask = 2147483647;
			files = (
				011232D02E98376800B92C62 /* (null) in Frameworks */,
			);
			runOnlyForDeploymentPostprocessing = 0;
		};
		01BE9C3B266AEBC00026C4ED /* Frameworks */ = {
			isa = PBXFrameworksBuildPhase;
			buildActionMask = 2147483647;
			files = (
				01D2507C266B436F009BECAA /* Defaults in Frameworks */,
				6596F9CC75CE466A97B70D7A /* Sentry in Frameworks */,
			);
			runOnlyForDeploymentPostprocessing = 0;
		};
		01BE9C43266AEBC00026C4ED /* Frameworks */ = {
			isa = PBXFrameworksBuildPhase;
			buildActionMask = 2147483647;
			files = (
				01D2507F266B437B009BECAA /* Defaults in Frameworks */,
				017F9F5F2EB145E800789538 /* Sentry in Frameworks */,
			);
			runOnlyForDeploymentPostprocessing = 0;
		};
/* End PBXFrameworksBuildPhase section */

/* Begin PBXGroup section */
		01BE9C31266AEBBE0026C4ED = {
			isa = PBXGroup;
			children = (
				019A35CB2E861FAC00F14F8C /* Generate Screenshots.xctestplan */,
				019A35B62E861B4500F14F8C /* UI Tests.xctestplan */,
				019A35B22E861AFE00F14F8C /* Unit Tests.xctestplan */,
				01BE9C36266AEBBE0026C4ED /* Shared */,
				01BE9C40266AEBC00026C4ED /* iOS */,
				01BE9C47266AEBC00026C4ED /* macOS */,
				019A35902E85FAE100F14F8C /* FARTUnitTests */,
				019A359D2E85FAF100F14F8C /* FARTUITests */,
				019A35BF2E861E4C00F14F8C /* Generate Screenshots */,
				01BE9C3F266AEBC00026C4ED /* Products */,
				01D2507D266B437B009BECAA /* Frameworks */,
			);
			sourceTree = "<group>";
		};
		01BE9C36266AEBBE0026C4ED /* Shared */ = {
			isa = PBXGroup;
			children = (
				019DB8482E88ECEE002E7411 /* Icon.icon */,
				01BE9C39266AEBC00026C4ED /* Assets.xcassets */,
				01D25062266B1AC5009BECAA /* Behaivor */,
				01D25080266B438C009BECAA /* Defaults.swift */,
				01D25086266B4EE2009BECAA /* Extensions */,
				01BE9C37266AEBBE0026C4ED /* Flight_Assessment_of_Risk_ToolApp.swift */,
				01D25060266B1AAC009BECAA /* Models */,
				01D25063266B1AD5009BECAA /* Views */,
			);
			path = Shared;
			sourceTree = "<group>";
		};
		01BE9C3F266AEBC00026C4ED /* Products */ = {
			isa = PBXGroup;
			children = (
				01BE9C3E266AEBC00026C4ED /* Flight Assessment of Risk Tool.app */,
				01BE9C46266AEBC00026C4ED /* Flight Assessment of Risk Tool.app */,
				019A358F2E85FAE100F14F8C /* FARTUnitTests.xctest */,
				019A359C2E85FAF100F14F8C /* FARTUITests.xctest */,
				019A35BE2E861E4C00F14F8C /* Generate Screenshots.xctest */,
			);
			name = Products;
			sourceTree = "<group>";
		};
		01BE9C40266AEBC00026C4ED /* iOS */ = {
			isa = PBXGroup;
			children = (
				01BE9C41266AEBC00026C4ED /* Info.plist */,
			);
			path = iOS;
			sourceTree = "<group>";
		};
		01BE9C47266AEBC00026C4ED /* macOS */ = {
			isa = PBXGroup;
			children = (
				01A849F9266D8B5600D845CB /* Credits.rtf */,
				01BE9C48266AEBC00026C4ED /* Info.plist */,
				01BE9C49266AEBC00026C4ED /* macOS.entitlements */,
			);
			path = macOS;
			sourceTree = "<group>";
		};
		01CDECC6266C0EEF003051FD /* Helpers */ = {
			isa = PBXGroup;
			children = (
				01D25077266B3F0E009BECAA /* Formatters.swift */,
			);
			path = Helpers;
			sourceTree = "<group>";
		};
		01CDECC7266C0EF8003051FD /* Components */ = {
			isa = PBXGroup;
			children = (
				01D25083266B4871009BECAA /* IntegerField.swift */,
				01CDECC8266C0F10003051FD /* Gauge.swift */,
			);
			path = Components;
			sourceTree = "<group>";
		};
		01D25060266B1AAC009BECAA /* Models */ = {
			isa = PBXGroup;
			children = (
				01BE9C67266AFE8A0026C4ED /* Pilot.swift */,
				019A35A92E860AD500F14F8C /* QuestionnaireData.swift */,
				01BE9C58266AEC4E0026C4ED /* Questionnaire.swift */,
			);
			path = Models;
			sourceTree = "<group>";
		};
		01D25062266B1AC5009BECAA /* Behaivor */ = {
			isa = PBXGroup;
			children = (
				01BE9C61266AF6DB0026C4ED /* Scoring.swift */,
				019A35AC2E860AE100F14F8C /* FARTScoreCalculator.swift */,
				019A35AD2E860AE100F14F8C /* RiskCategorizer.swift */,
			);
			path = Behaivor;
			sourceTree = "<group>";
		};
		01D25063266B1AD5009BECAA /* Views */ = {
			isa = PBXGroup;
			children = (
				01CDECCE266C1FEC003051FD /* AboutView.swift */,
				01CDECC7266C0EF8003051FD /* Components */,
				01BE9C38266AEBBE0026C4ED /* ContentView.swift */,
				01CDECC6266C0EEF003051FD /* Helpers */,
				01D25064266B1B1C009BECAA /* PilotProfileView.swift */,
				01D25073266B2D19009BECAA /* Questionnaire */,
				01D25070266B29A2009BECAA /* QuestionnaireView.swift */,
				01D2508A266B5290009BECAA /* ResultsView.swift */,
			);
			path = Views;
			sourceTree = "<group>";
		};
		01D25073266B2D19009BECAA /* Questionnaire */ = {
			isa = PBXGroup;
			children = (
				01D2506D266B2795009BECAA /* AirportView.swift */,
				01D2506A266B2351009BECAA /* ConditionsView.swift */,
				01D25067266B208F009BECAA /* PilotView.swift */,
				01D25074266B2D36009BECAA /* WeatherView.swift */,
			);
			path = Questionnaire;
			sourceTree = "<group>";
		};
		01D2507D266B437B009BECAA /* Frameworks */ = {
			isa = PBXGroup;
			children = (
			);
			name = Frameworks;
			sourceTree = "<group>";
		};
		01D25086266B4EE2009BECAA /* Extensions */ = {
			isa = PBXGroup;
			children = (
				01D25087266B4EED009BECAA /* String.swift */,
			);
			path = Extensions;
			sourceTree = "<group>";
		};
/* End PBXGroup section */

/* Begin PBXNativeTarget section */
		019A358E2E85FAE100F14F8C /* FARTUnitTests */ = {
			isa = PBXNativeTarget;
			buildConfigurationList = 019A35952E85FAE100F14F8C /* Build configuration list for PBXNativeTarget "FARTUnitTests" */;
			buildPhases = (
				019A358B2E85FAE100F14F8C /* Sources */,
				019A358C2E85FAE100F14F8C /* Frameworks */,
				019A358D2E85FAE100F14F8C /* Resources */,
			);
			buildRules = (
			);
			dependencies = (
				019A35942E85FAE100F14F8C /* PBXTargetDependency */,
			);
			fileSystemSynchronizedGroups = (
				019A35902E85FAE100F14F8C /* FARTUnitTests */,
			);
			name = FARTUnitTests;
			packageProductDependencies = (
				019DB8462E8780D8002E7411 /* Defaults */,
			);
			productName = FARTUnitTests;
			productReference = 019A358F2E85FAE100F14F8C /* FARTUnitTests.xctest */;
			productType = "com.apple.product-type.bundle.unit-test";
		};
		019A359B2E85FAF100F14F8C /* FARTUITests */ = {
			isa = PBXNativeTarget;
			buildConfigurationList = 019A35A42E85FAF100F14F8C /* Build configuration list for PBXNativeTarget "FARTUITests" */;
			buildPhases = (
				019A35982E85FAF100F14F8C /* Sources */,
				019A35992E85FAF100F14F8C /* Frameworks */,
				019A359A2E85FAF100F14F8C /* Resources */,
			);
			buildRules = (
			);
			dependencies = (
				019A35A32E85FAF100F14F8C /* PBXTargetDependency */,
			);
			fileSystemSynchronizedGroups = (
				019A359D2E85FAF100F14F8C /* FARTUITests */,
			);
			name = FARTUITests;
			packageProductDependencies = (
			);
			productName = FARTUITests;
			productReference = 019A359C2E85FAF100F14F8C /* FARTUITests.xctest */;
			productType = "com.apple.product-type.bundle.ui-testing";
		};
		019A35BD2E861E4C00F14F8C /* Generate Screenshots */ = {
			isa = PBXNativeTarget;
			buildConfigurationList = 019A35C62E861E4C00F14F8C /* Build configuration list for PBXNativeTarget "Generate Screenshots" */;
			buildPhases = (
				019A35BA2E861E4C00F14F8C /* Sources */,
				019A35BB2E861E4C00F14F8C /* Frameworks */,
				019A35BC2E861E4C00F14F8C /* Resources */,
			);
			buildRules = (
			);
			dependencies = (
				019A35C52E861E4C00F14F8C /* PBXTargetDependency */,
			);
			fileSystemSynchronizedGroups = (
				019A35BF2E861E4C00F14F8C /* Generate Screenshots */,
			);
			name = "Generate Screenshots";
			packageProductDependencies = (
			);
			productName = "Generate Screenshots";
			productReference = 019A35BE2E861E4C00F14F8C /* Generate Screenshots.xctest */;
			productType = "com.apple.product-type.bundle.ui-testing";
		};
		01BE9C3D266AEBC00026C4ED /* FART (iOS) */ = {
			isa = PBXNativeTarget;
			buildConfigurationList = 01BE9C52266AEBC00026C4ED /* Build configuration list for PBXNativeTarget "FART (iOS)" */;
			buildPhases = (
				01BE9C3A266AEBC00026C4ED /* Sources */,
				01BE9C3B266AEBC00026C4ED /* Frameworks */,
				01BE9C3C266AEBC00026C4ED /* Resources */,
				F1E2D3C4B5A6978012345678 /* Generate Sentry Framework dSYM */,
				116F595D1C614012AC0E70F5 /* Upload Debug Symbols to Sentry */,
			);
			buildRules = (
			);
			dependencies = (
			);
			name = "FART (iOS)";
			packageProductDependencies = (
				01D2507B266B436F009BECAA /* Defaults */,
				9373A74ADA3745F38306B8B8 /* Sentry */,
			);
			productName = "Flight Assessment of Risk Tool (iOS)";
			productReference = 01BE9C3E266AEBC00026C4ED /* Flight Assessment of Risk Tool.app */;
			productType = "com.apple.product-type.application";
		};
		01BE9C45266AEBC00026C4ED /* FART (macOS) */ = {
			isa = PBXNativeTarget;
			buildConfigurationList = 01BE9C55266AEBC00026C4ED /* Build configuration list for PBXNativeTarget "FART (macOS)" */;
			buildPhases = (
				01BE9C42266AEBC00026C4ED /* Sources */,
				01BE9C43266AEBC00026C4ED /* Frameworks */,
				01BE9C44266AEBC00026C4ED /* Resources */,
			);
			buildRules = (
			);
			dependencies = (
			);
			name = "FART (macOS)";
			packageProductDependencies = (
				01D2507E266B437B009BECAA /* Defaults */,
				017F9F5E2EB145E800789538 /* Sentry */,
			);
			productName = "Flight Assessment of Risk Tool (macOS)";
			productReference = 01BE9C46266AEBC00026C4ED /* Flight Assessment of Risk Tool.app */;
			productType = "com.apple.product-type.application";
		};
/* End PBXNativeTarget section */

/* Begin PBXProject section */
		01BE9C32266AEBBE0026C4ED /* Project object */ = {
			isa = PBXProject;
			attributes = {
				BuildIndependentTargetsInParallel = YES;
				LastSwiftUpdateCheck = 2600;
				LastUpgradeCheck = 2600;
				TargetAttributes = {
					019A358E2E85FAE100F14F8C = {
						CreatedOnToolsVersion = 26.0.1;
						TestTargetID = 01BE9C3D266AEBC00026C4ED;
					};
					019A359B2E85FAF100F14F8C = {
						CreatedOnToolsVersion = 26.0.1;
						TestTargetID = 01BE9C3D266AEBC00026C4ED;
					};
					019A35BD2E861E4C00F14F8C = {
						CreatedOnToolsVersion = 26.0.1;
						TestTargetID = 01BE9C3D266AEBC00026C4ED;
					};
					01BE9C3D266AEBC00026C4ED = {
						CreatedOnToolsVersion = 12.5;
					};
					01BE9C45266AEBC00026C4ED = {
						CreatedOnToolsVersion = 12.5;
					};
				};
			};
			buildConfigurationList = 01BE9C35266AEBBE0026C4ED /* Build configuration list for PBXProject "Flight Assessment of Risk Tool" */;
			compatibilityVersion = "Xcode 9.3";
			developmentRegion = en;
			hasScannedForEncodings = 0;
			knownRegions = (
				en,
				Base,
			);
			mainGroup = 01BE9C31266AEBBE0026C4ED;
			packageReferences = (
				01D2507A266B436F009BECAA /* XCRemoteSwiftPackageReference "Defaults" */,
				A85C1CBD8C5042C695024A73 /* XCRemoteSwiftPackageReference "sentry-cocoa" */,
			);
			productRefGroup = 01BE9C3F266AEBC00026C4ED /* Products */;
			projectDirPath = "";
			projectRoot = "";
			targets = (
				01BE9C3D266AEBC00026C4ED /* FART (iOS) */,
				01BE9C45266AEBC00026C4ED /* FART (macOS) */,
				019A358E2E85FAE100F14F8C /* FARTUnitTests */,
				019A359B2E85FAF100F14F8C /* FARTUITests */,
				019A35BD2E861E4C00F14F8C /* Generate Screenshots */,
			);
		};
/* End PBXProject section */

/* Begin PBXResourcesBuildPhase section */
		019A358D2E85FAE100F14F8C /* Resources */ = {
			isa = PBXResourcesBuildPhase;
			buildActionMask = 2147483647;
			files = (
			);
			runOnlyForDeploymentPostprocessing = 0;
		};
		019A359A2E85FAF100F14F8C /* Resources */ = {
			isa = PBXResourcesBuildPhase;
			buildActionMask = 2147483647;
			files = (
				019A35B72E861B4500F14F8C /* UI Tests.xctestplan in Resources */,
				019A35B32E861AFE00F14F8C /* Unit Tests.xctestplan in Resources */,
				019A35CC2E861FAC00F14F8C /* Generate Screenshots.xctestplan in Resources */,
			);
			runOnlyForDeploymentPostprocessing = 0;
		};
		019A35BC2E861E4C00F14F8C /* Resources */ = {
			isa = PBXResourcesBuildPhase;
			buildActionMask = 2147483647;
			files = (
			);
			runOnlyForDeploymentPostprocessing = 0;
		};
		01BE9C3C266AEBC00026C4ED /* Resources */ = {
			isa = PBXResourcesBuildPhase;
			buildActionMask = 2147483647;
			files = (
				01BE9C4E266AEBC00026C4ED /* Assets.xcassets in Resources */,
				019DB84A2E88ECEE002E7411 /* Icon.icon in Resources */,
			);
			runOnlyForDeploymentPostprocessing = 0;
		};
		01BE9C44266AEBC00026C4ED /* Resources */ = {
			isa = PBXResourcesBuildPhase;
			buildActionMask = 2147483647;
			files = (
				019DB8492E88ECEE002E7411 /* Icon.icon in Resources */,
				01BE9C4F266AEBC00026C4ED /* Assets.xcassets in Resources */,
				01A849FA266D8B5600D845CB /* Credits.rtf in Resources */,
			);
			runOnlyForDeploymentPostprocessing = 0;
		};
/* End PBXResourcesBuildPhase section */

/* Begin PBXShellScriptBuildPhase section */
		116F595D1C614012AC0E70F5 /* Upload Debug Symbols to Sentry */ = {
			isa = PBXShellScriptBuildPhase;
			buildActionMask = 2147483647;
			files = (
			);
			inputPaths = (
				"${DWARF_DSYM_FOLDER_PATH}/${DWARF_DSYM_FILE_NAME}/Contents/Resources/DWARF/${TARGET_NAME}",
			);
			name = "Upload Debug Symbols to Sentry";
			outputPaths = (
			);
			runOnlyForDeploymentPostprocessing = 0;
			shellPath = /bin/sh;
			shellScript = "# This script is responsible for uploading debug symbols and source context for Sentry.\nif which sentry-cli >/dev/null; then\n  export SENTRY_ORG=timcodes\n  export SENTRY_PROJECT=fart\n  ERROR=$(sentry-cli debug-files upload --include-sources \"$DWARF_DSYM_FOLDER_PATH\" 2>&1 >/dev/null)\n  if [ ! $? -eq 0 ]; then\n    echo \"warning: sentry-cli - $ERROR\"\n  fi\nelse\n  echo \"warning: sentry-cli not installed, download from https://github.com/getsentry/sentry-cli/releases\"\nfi\n";
		};
		F1E2D3C4B5A6978012345678 /* Generate Sentry Framework dSYM */ = {
			isa = PBXShellScriptBuildPhase;
			alwaysOutOfDate = 1;
			buildActionMask = 2147483647;
			files = (
			);
			inputPaths = (
			);
			name = "Generate Sentry Framework dSYM";
			outputPaths = (
			);
			runOnlyForDeploymentPostprocessing = 0;
			shellPath = /bin/sh;
			shellScript = "# Generate dSYM for Sentry framework after it's been embedded and stripped\nif [ \"$CONFIGURATION\" = \"Release\" ] || [ \"$EFFECTIVE_PLATFORM_NAME\" = \"-iphoneos\" ]; then\n    SENTRY_FRAMEWORK=\"${BUILT_PRODUCTS_DIR}/${FRAMEWORKS_FOLDER_PATH}/Sentry.framework/Sentry\"\n    \n    if [ -f \"$SENTRY_FRAMEWORK\" ]; then\n        echo \"Generating dSYM for Sentry.framework...\"\n        echo \"Framework path: $SENTRY_FRAMEWORK\"\n        \n        # Generate dSYM from the embedded framework binary\n        dsymutil \"$SENTRY_FRAMEWORK\" -o \"${DWARF_DSYM_FOLDER_PATH}/Sentry.framework.dSYM\"\n        \n        if [ -d \"${DWARF_DSYM_FOLDER_PATH}/Sentry.framework.dSYM\" ]; then\n            echo \"Successfully generated Sentry.framework.dSYM\"\n            dwarfdump --uuid \"${DWARF_DSYM_FOLDER_PATH}/Sentry.framework.dSYM\" || true\n        else\n            echo \"warning: Failed to generate Sentry.framework.dSYM\"\n        fi\n    else\n        echo \"warning: Sentry.framework not found at $SENTRY_FRAMEWORK\"\n    fi\nfi\n";
		};
/* End PBXShellScriptBuildPhase section */

/* Begin PBXSourcesBuildPhase section */
		019A358B2E85FAE100F14F8C /* Sources */ = {
			isa = PBXSourcesBuildPhase;
			buildActionMask = 2147483647;
			files = (
			);
			runOnlyForDeploymentPostprocessing = 0;
		};
		019A35982E85FAF100F14F8C /* Sources */ = {
			isa = PBXSourcesBuildPhase;
			buildActionMask = 2147483647;
			files = (
			);
			runOnlyForDeploymentPostprocessing = 0;
		};
		019A35BA2E861E4C00F14F8C /* Sources */ = {
			isa = PBXSourcesBuildPhase;
			buildActionMask = 2147483647;
			files = (
			);
			runOnlyForDeploymentPostprocessing = 0;
		};
		01BE9C3A266AEBC00026C4ED /* Sources */ = {
			isa = PBXSourcesBuildPhase;
			buildActionMask = 2147483647;
			files = (
				01BE9C4C266AEBC00026C4ED /* ContentView.swift in Sources */,
				01CDECCF266C1FEC003051FD /* AboutView.swift in Sources */,
				01D2508B266B5290009BECAA /* ResultsView.swift in Sources */,
				01BE9C62266AF6DB0026C4ED /* Scoring.swift in Sources */,
				01BE9C68266AFE8A0026C4ED /* Pilot.swift in Sources */,
				01BE9C4A266AEBC00026C4ED /* Flight_Assessment_of_Risk_ToolApp.swift in Sources */,
				01D25075266B2D36009BECAA /* WeatherView.swift in Sources */,
				01D25078266B3F0E009BECAA /* Formatters.swift in Sources */,
				01D25068266B208F009BECAA /* PilotView.swift in Sources */,
				01D2506E266B2795009BECAA /* AirportView.swift in Sources */,
				01D25084266B4871009BECAA /* IntegerField.swift in Sources */,
				01D2506B266B2351009BECAA /* ConditionsView.swift in Sources */,
				01D25071266B29A2009BECAA /* QuestionnaireView.swift in Sources */,
				01D25065266B1B1C009BECAA /* PilotProfileView.swift in Sources */,
				01D25081266B438C009BECAA /* Defaults.swift in Sources */,
				019A35AA2E860AD500F14F8C /* QuestionnaireData.swift in Sources */,
				01CDECC9266C0F10003051FD /* Gauge.swift in Sources */,
				019A35AE2E860AE100F14F8C /* FARTScoreCalculator.swift in Sources */,
				019A35AF2E860AE100F14F8C /* RiskCategorizer.swift in Sources */,
				01D25088266B4EED009BECAA /* String.swift in Sources */,
				01BE9C59266AEC4E0026C4ED /* Questionnaire.swift in Sources */,
			);
			runOnlyForDeploymentPostprocessing = 0;
		};
		01BE9C42266AEBC00026C4ED /* Sources */ = {
			isa = PBXSourcesBuildPhase;
			buildActionMask = 2147483647;
			files = (
				01BE9C4D266AEBC00026C4ED /* ContentView.swift in Sources */,
				01CDECD0266C1FEC003051FD /* AboutView.swift in Sources */,
				01D2508C266B5290009BECAA /* ResultsView.swift in Sources */,
				01BE9C63266AF6DB0026C4ED /* Scoring.swift in Sources */,
				01BE9C69266AFE8A0026C4ED /* Pilot.swift in Sources */,
				01BE9C4B266AEBC00026C4ED /* Flight_Assessment_of_Risk_ToolApp.swift in Sources */,
				01D25076266B2D36009BECAA /* WeatherView.swift in Sources */,
				01D25079266B3F0E009BECAA /* Formatters.swift in Sources */,
				01D25069266B208F009BECAA /* PilotView.swift in Sources */,
				01D2506F266B2795009BECAA /* AirportView.swift in Sources */,
				01D25085266B4871009BECAA /* IntegerField.swift in Sources */,
				01D2506C266B2351009BECAA /* ConditionsView.swift in Sources */,
				01D25072266B29A2009BECAA /* QuestionnaireView.swift in Sources */,
				01D25066266B1B1C009BECAA /* PilotProfileView.swift in Sources */,
				01D25082266B438C009BECAA /* Defaults.swift in Sources */,
				019A35AB2E860AD500F14F8C /* QuestionnaireData.swift in Sources */,
				01CDECCA266C0F10003051FD /* Gauge.swift in Sources */,
				019A35B02E860AE100F14F8C /* FARTScoreCalculator.swift in Sources */,
				019A35B12E860AE100F14F8C /* RiskCategorizer.swift in Sources */,
				01D25089266B4EED009BECAA /* String.swift in Sources */,
				01BE9C5A266AEC4E0026C4ED /* Questionnaire.swift in Sources */,
			);
			runOnlyForDeploymentPostprocessing = 0;
		};
/* End PBXSourcesBuildPhase section */

/* Begin PBXTargetDependency section */
		019A35942E85FAE100F14F8C /* PBXTargetDependency */ = {
			isa = PBXTargetDependency;
			target = 01BE9C3D266AEBC00026C4ED /* FART (iOS) */;
			targetProxy = 019A35932E85FAE100F14F8C /* PBXContainerItemProxy */;
		};
		019A35A32E85FAF100F14F8C /* PBXTargetDependency */ = {
			isa = PBXTargetDependency;
			target = 01BE9C3D266AEBC00026C4ED /* FART (iOS) */;
			targetProxy = 019A35A22E85FAF100F14F8C /* PBXContainerItemProxy */;
		};
		019A35C52E861E4C00F14F8C /* PBXTargetDependency */ = {
			isa = PBXTargetDependency;
			target = 01BE9C3D266AEBC00026C4ED /* FART (iOS) */;
			targetProxy = 019A35C42E861E4C00F14F8C /* PBXContainerItemProxy */;
		};
/* End PBXTargetDependency section */

/* Begin XCBuildConfiguration section */
		019A35962E85FAE100F14F8C /* Debug */ = {
			isa = XCBuildConfiguration;
			buildSettings = {
				BUNDLE_LOADER = "$(TEST_HOST)";
				CLANG_CXX_LANGUAGE_STANDARD = "gnu++20";
				CODE_SIGN_STYLE = Automatic;
				CURRENT_PROJECT_VERSION = 1;
				DEVELOPMENT_TEAM = 2NFSK2WB24;
				GCC_C_LANGUAGE_STANDARD = gnu17;
				GENERATE_INFOPLIST_FILE = YES;
				IPHONEOS_DEPLOYMENT_TARGET = 26.0;
				LOCALIZATION_PREFERS_STRING_CATALOGS = YES;
				MARKETING_VERSION = 1.0;
				PRODUCT_BUNDLE_IDENTIFIER = codes.tim.FARTUnitTests;
				PRODUCT_NAME = "$(TARGET_NAME)";
				SDKROOT = iphoneos;
				STRING_CATALOG_GENERATE_SYMBOLS = NO;
				SWIFT_ACTIVE_COMPILATION_CONDITIONS = "DEBUG $(inherited)";
				SWIFT_APPROACHABLE_CONCURRENCY = YES;
				SWIFT_EMIT_LOC_STRINGS = NO;
				SWIFT_UPCOMING_FEATURE_MEMBER_IMPORT_VISIBILITY = YES;
				SWIFT_VERSION = 5.0;
				TARGETED_DEVICE_FAMILY = "1,2";
				TEST_HOST = "$(BUILT_PRODUCTS_DIR)/Flight Assessment of Risk Tool.app/$(BUNDLE_EXECUTABLE_FOLDER_PATH)/Flight Assessment of Risk Tool";
			};
			name = Debug;
		};
		019A35972E85FAE100F14F8C /* Release */ = {
			isa = XCBuildConfiguration;
			buildSettings = {
				BUNDLE_LOADER = "$(TEST_HOST)";
				CLANG_CXX_LANGUAGE_STANDARD = "gnu++20";
				CODE_SIGN_STYLE = Automatic;
				CURRENT_PROJECT_VERSION = 1;
				DEVELOPMENT_TEAM = 2NFSK2WB24;
				GCC_C_LANGUAGE_STANDARD = gnu17;
				GENERATE_INFOPLIST_FILE = YES;
				IPHONEOS_DEPLOYMENT_TARGET = 26.0;
				LOCALIZATION_PREFERS_STRING_CATALOGS = YES;
				MARKETING_VERSION = 1.0;
				PRODUCT_BUNDLE_IDENTIFIER = codes.tim.FARTUnitTests;
				PRODUCT_NAME = "$(TARGET_NAME)";
				SDKROOT = iphoneos;
				STRING_CATALOG_GENERATE_SYMBOLS = NO;
				SWIFT_APPROACHABLE_CONCURRENCY = YES;
				SWIFT_EMIT_LOC_STRINGS = NO;
				SWIFT_UPCOMING_FEATURE_MEMBER_IMPORT_VISIBILITY = YES;
				SWIFT_VERSION = 5.0;
				TARGETED_DEVICE_FAMILY = "1,2";
				TEST_HOST = "$(BUILT_PRODUCTS_DIR)/Flight Assessment of Risk Tool.app/$(BUNDLE_EXECUTABLE_FOLDER_PATH)/Flight Assessment of Risk Tool";
				VALIDATE_PRODUCT = YES;
			};
			name = Release;
		};
		019A35A52E85FAF100F14F8C /* Debug */ = {
			isa = XCBuildConfiguration;
			buildSettings = {
				CLANG_CXX_LANGUAGE_STANDARD = "gnu++20";
				CODE_SIGN_STYLE = Automatic;
				CURRENT_PROJECT_VERSION = 1;
				DEVELOPMENT_TEAM = 2NFSK2WB24;
				GCC_C_LANGUAGE_STANDARD = gnu17;
				GENERATE_INFOPLIST_FILE = YES;
				IPHONEOS_DEPLOYMENT_TARGET = 26.0;
				LOCALIZATION_PREFERS_STRING_CATALOGS = YES;
				MARKETING_VERSION = 1.0;
				PRODUCT_BUNDLE_IDENTIFIER = codes.tim.FARTUITests;
				PRODUCT_NAME = "$(TARGET_NAME)";
				SDKROOT = iphoneos;
				STRING_CATALOG_GENERATE_SYMBOLS = NO;
				SWIFT_ACTIVE_COMPILATION_CONDITIONS = "DEBUG $(inherited)";
				SWIFT_APPROACHABLE_CONCURRENCY = YES;
				SWIFT_EMIT_LOC_STRINGS = NO;
				SWIFT_UPCOMING_FEATURE_MEMBER_IMPORT_VISIBILITY = YES;
				SWIFT_VERSION = 5.0;
				TARGETED_DEVICE_FAMILY = "1,2";
				TEST_TARGET_NAME = "FART (iOS)";
			};
			name = Debug;
		};
		019A35A62E85FAF100F14F8C /* Release */ = {
			isa = XCBuildConfiguration;
			buildSettings = {
				CLANG_CXX_LANGUAGE_STANDARD = "gnu++20";
				CODE_SIGN_STYLE = Automatic;
				CURRENT_PROJECT_VERSION = 1;
				DEVELOPMENT_TEAM = 2NFSK2WB24;
				GCC_C_LANGUAGE_STANDARD = gnu17;
				GENERATE_INFOPLIST_FILE = YES;
				IPHONEOS_DEPLOYMENT_TARGET = 26.0;
				LOCALIZATION_PREFERS_STRING_CATALOGS = YES;
				MARKETING_VERSION = 1.0;
				PRODUCT_BUNDLE_IDENTIFIER = codes.tim.FARTUITests;
				PRODUCT_NAME = "$(TARGET_NAME)";
				SDKROOT = iphoneos;
				STRING_CATALOG_GENERATE_SYMBOLS = NO;
				SWIFT_APPROACHABLE_CONCURRENCY = YES;
				SWIFT_EMIT_LOC_STRINGS = NO;
				SWIFT_UPCOMING_FEATURE_MEMBER_IMPORT_VISIBILITY = YES;
				SWIFT_VERSION = 5.0;
				TARGETED_DEVICE_FAMILY = "1,2";
				TEST_TARGET_NAME = "FART (iOS)";
				VALIDATE_PRODUCT = YES;
			};
			name = Release;
		};
		019A35C72E861E4C00F14F8C /* Debug */ = {
			isa = XCBuildConfiguration;
			buildSettings = {
				CLANG_CXX_LANGUAGE_STANDARD = "gnu++20";
				CODE_SIGN_STYLE = Automatic;
				CURRENT_PROJECT_VERSION = 1;
				DEVELOPMENT_TEAM = 2NFSK2WB24;
				GCC_C_LANGUAGE_STANDARD = gnu17;
				GENERATE_INFOPLIST_FILE = YES;
				IPHONEOS_DEPLOYMENT_TARGET = 26.0;
				LOCALIZATION_PREFERS_STRING_CATALOGS = YES;
				MARKETING_VERSION = 1.0;
				PRODUCT_BUNDLE_IDENTIFIER = "codes.tim.Generate-Screenshots";
				PRODUCT_NAME = "$(TARGET_NAME)";
				SDKROOT = iphoneos;
				STRING_CATALOG_GENERATE_SYMBOLS = NO;
				SUPPORTED_PLATFORMS = "iphoneos iphonesimulator";
				SUPPORTS_MACCATALYST = NO;
				SUPPORTS_MAC_DESIGNED_FOR_IPHONE_IPAD = NO;
				SUPPORTS_XR_DESIGNED_FOR_IPHONE_IPAD = NO;
				SWIFT_ACTIVE_COMPILATION_CONDITIONS = "DEBUG $(inherited)";
				SWIFT_APPROACHABLE_CONCURRENCY = YES;
				SWIFT_EMIT_LOC_STRINGS = NO;
				SWIFT_UPCOMING_FEATURE_MEMBER_IMPORT_VISIBILITY = YES;
				SWIFT_VERSION = 5.0;
				TARGETED_DEVICE_FAMILY = "1,2";
				TEST_TARGET_NAME = "FART (iOS)";
			};
			name = Debug;
		};
		019A35C82E861E4C00F14F8C /* Release */ = {
			isa = XCBuildConfiguration;
			buildSettings = {
				CLANG_CXX_LANGUAGE_STANDARD = "gnu++20";
				CODE_SIGN_STYLE = Automatic;
				CURRENT_PROJECT_VERSION = 1;
				DEVELOPMENT_TEAM = 2NFSK2WB24;
				GCC_C_LANGUAGE_STANDARD = gnu17;
				GENERATE_INFOPLIST_FILE = YES;
				IPHONEOS_DEPLOYMENT_TARGET = 26.0;
				LOCALIZATION_PREFERS_STRING_CATALOGS = YES;
				MARKETING_VERSION = 1.0;
				PRODUCT_BUNDLE_IDENTIFIER = "codes.tim.Generate-Screenshots";
				PRODUCT_NAME = "$(TARGET_NAME)";
				SDKROOT = iphoneos;
				STRING_CATALOG_GENERATE_SYMBOLS = NO;
				SUPPORTED_PLATFORMS = "iphoneos iphonesimulator";
				SUPPORTS_MACCATALYST = NO;
				SUPPORTS_MAC_DESIGNED_FOR_IPHONE_IPAD = NO;
				SUPPORTS_XR_DESIGNED_FOR_IPHONE_IPAD = NO;
				SWIFT_APPROACHABLE_CONCURRENCY = YES;
				SWIFT_EMIT_LOC_STRINGS = NO;
				SWIFT_UPCOMING_FEATURE_MEMBER_IMPORT_VISIBILITY = YES;
				SWIFT_VERSION = 5.0;
				TARGETED_DEVICE_FAMILY = "1,2";
				TEST_TARGET_NAME = "FART (iOS)";
				VALIDATE_PRODUCT = YES;
			};
			name = Release;
		};
		01BE9C50266AEBC00026C4ED /* Debug */ = {
			isa = XCBuildConfiguration;
			buildSettings = {
				ALWAYS_SEARCH_USER_PATHS = NO;
				ASSETCATALOG_COMPILER_GENERATE_SWIFT_ASSET_SYMBOL_EXTENSIONS = YES;
				CLANG_ANALYZER_NONNULL = YES;
				CLANG_ANALYZER_NUMBER_OBJECT_CONVERSION = YES_AGGRESSIVE;
				CLANG_CXX_LANGUAGE_STANDARD = "gnu++14";
				CLANG_CXX_LIBRARY = "libc++";
				CLANG_ENABLE_MODULES = YES;
				CLANG_ENABLE_OBJC_ARC = YES;
				CLANG_ENABLE_OBJC_WEAK = YES;
				CLANG_WARN_BLOCK_CAPTURE_AUTORELEASING = YES;
				CLANG_WARN_BOOL_CONVERSION = YES;
				CLANG_WARN_COMMA = YES;
				CLANG_WARN_CONSTANT_CONVERSION = YES;
				CLANG_WARN_DEPRECATED_OBJC_IMPLEMENTATIONS = YES;
				CLANG_WARN_DIRECT_OBJC_ISA_USAGE = YES_ERROR;
				CLANG_WARN_DOCUMENTATION_COMMENTS = YES;
				CLANG_WARN_EMPTY_BODY = YES;
				CLANG_WARN_ENUM_CONVERSION = YES;
				CLANG_WARN_INFINITE_RECURSION = YES;
				CLANG_WARN_INT_CONVERSION = YES;
				CLANG_WARN_NON_LITERAL_NULL_CONVERSION = YES;
				CLANG_WARN_OBJC_IMPLICIT_RETAIN_SELF = YES;
				CLANG_WARN_OBJC_LITERAL_CONVERSION = YES;
				CLANG_WARN_OBJC_ROOT_CLASS = YES_ERROR;
				CLANG_WARN_QUOTED_INCLUDE_IN_FRAMEWORK_HEADER = YES;
				CLANG_WARN_RANGE_LOOP_ANALYSIS = YES;
				CLANG_WARN_STRICT_PROTOTYPES = YES;
				CLANG_WARN_SUSPICIOUS_MOVE = YES;
				CLANG_WARN_UNGUARDED_AVAILABILITY = YES_AGGRESSIVE;
				CLANG_WARN_UNREACHABLE_CODE = YES;
				CLANG_WARN__DUPLICATE_METHOD_MATCH = YES;
				COPY_PHASE_STRIP = NO;
				DEAD_CODE_STRIPPING = YES;
				DEBUG_INFORMATION_FORMAT = dwarf;
				DEVELOPMENT_TEAM = 2NFSK2WB24;
				ENABLE_STRICT_OBJC_MSGSEND = YES;
				ENABLE_TESTABILITY = YES;
				ENABLE_USER_SCRIPT_SANDBOXING = YES;
				GCC_C_LANGUAGE_STANDARD = gnu11;
				GCC_DYNAMIC_NO_PIC = NO;
				GCC_NO_COMMON_BLOCKS = YES;
				GCC_OPTIMIZATION_LEVEL = 0;
				GCC_PREPROCESSOR_DEFINITIONS = (
					"DEBUG=1",
					"$(inherited)",
				);
				GCC_WARN_64_TO_32_BIT_CONVERSION = YES;
				GCC_WARN_ABOUT_RETURN_TYPE = YES_ERROR;
				GCC_WARN_UNDECLARED_SELECTOR = YES;
				GCC_WARN_UNINITIALIZED_AUTOS = YES_AGGRESSIVE;
				GCC_WARN_UNUSED_FUNCTION = YES;
				GCC_WARN_UNUSED_VARIABLE = YES;
				IPHONEOS_DEPLOYMENT_TARGET = 17.0;
				MACOSX_DEPLOYMENT_TARGET = 14.0;
				MTL_ENABLE_DEBUG_INFO = INCLUDE_SOURCE;
				MTL_FAST_MATH = YES;
				ONLY_ACTIVE_ARCH = YES;
				STRING_CATALOG_GENERATE_SYMBOLS = YES;
				SWIFT_ACTIVE_COMPILATION_CONDITIONS = DEBUG;
				SWIFT_OPTIMIZATION_LEVEL = "-Onone";
				SWIFT_VERSION = 6.0;
			};
			name = Debug;
		};
		01BE9C51266AEBC00026C4ED /* Release */ = {
			isa = XCBuildConfiguration;
			buildSettings = {
				ALWAYS_SEARCH_USER_PATHS = NO;
				ASSETCATALOG_COMPILER_GENERATE_SWIFT_ASSET_SYMBOL_EXTENSIONS = YES;
				CLANG_ANALYZER_NONNULL = YES;
				CLANG_ANALYZER_NUMBER_OBJECT_CONVERSION = YES_AGGRESSIVE;
				CLANG_CXX_LANGUAGE_STANDARD = "gnu++14";
				CLANG_CXX_LIBRARY = "libc++";
				CLANG_ENABLE_MODULES = YES;
				CLANG_ENABLE_OBJC_ARC = YES;
				CLANG_ENABLE_OBJC_WEAK = YES;
				CLANG_WARN_BLOCK_CAPTURE_AUTORELEASING = YES;
				CLANG_WARN_BOOL_CONVERSION = YES;
				CLANG_WARN_COMMA = YES;
				CLANG_WARN_CONSTANT_CONVERSION = YES;
				CLANG_WARN_DEPRECATED_OBJC_IMPLEMENTATIONS = YES;
				CLANG_WARN_DIRECT_OBJC_ISA_USAGE = YES_ERROR;
				CLANG_WARN_DOCUMENTATION_COMMENTS = YES;
				CLANG_WARN_EMPTY_BODY = YES;
				CLANG_WARN_ENUM_CONVERSION = YES;
				CLANG_WARN_INFINITE_RECURSION = YES;
				CLANG_WARN_INT_CONVERSION = YES;
				CLANG_WARN_NON_LITERAL_NULL_CONVERSION = YES;
				CLANG_WARN_OBJC_IMPLICIT_RETAIN_SELF = YES;
				CLANG_WARN_OBJC_LITERAL_CONVERSION = YES;
				CLANG_WARN_OBJC_ROOT_CLASS = YES_ERROR;
				CLANG_WARN_QUOTED_INCLUDE_IN_FRAMEWORK_HEADER = YES;
				CLANG_WARN_RANGE_LOOP_ANALYSIS = YES;
				CLANG_WARN_STRICT_PROTOTYPES = YES;
				CLANG_WARN_SUSPICIOUS_MOVE = YES;
				CLANG_WARN_UNGUARDED_AVAILABILITY = YES_AGGRESSIVE;
				CLANG_WARN_UNREACHABLE_CODE = YES;
				CLANG_WARN__DUPLICATE_METHOD_MATCH = YES;
				COPY_PHASE_STRIP = NO;
				DEAD_CODE_STRIPPING = YES;
				DEBUG_INFORMATION_FORMAT = "dwarf-with-dsym";
				DEVELOPMENT_TEAM = 2NFSK2WB24;
				ENABLE_NS_ASSERTIONS = NO;
				ENABLE_STRICT_OBJC_MSGSEND = YES;
				ENABLE_USER_SCRIPT_SANDBOXING = YES;
				GCC_C_LANGUAGE_STANDARD = gnu11;
				GCC_NO_COMMON_BLOCKS = YES;
				GCC_WARN_64_TO_32_BIT_CONVERSION = YES;
				GCC_WARN_ABOUT_RETURN_TYPE = YES_ERROR;
				GCC_WARN_UNDECLARED_SELECTOR = YES;
				GCC_WARN_UNINITIALIZED_AUTOS = YES_AGGRESSIVE;
				GCC_WARN_UNUSED_FUNCTION = YES;
				GCC_WARN_UNUSED_VARIABLE = YES;
				IPHONEOS_DEPLOYMENT_TARGET = 17.0;
				MACOSX_DEPLOYMENT_TARGET = 14.0;
				MTL_ENABLE_DEBUG_INFO = NO;
				MTL_FAST_MATH = YES;
				STRING_CATALOG_GENERATE_SYMBOLS = YES;
				SWIFT_COMPILATION_MODE = wholemodule;
				SWIFT_OPTIMIZATION_LEVEL = "-O";
				SWIFT_VERSION = 6.0;
			};
			name = Release;
		};
		01BE9C53266AEBC00026C4ED /* Debug */ = {
			isa = XCBuildConfiguration;
			buildSettings = {
				ASSETCATALOG_COMPILER_APPICON_NAME = Icon;
				ASSETCATALOG_COMPILER_GLOBAL_ACCENT_COLOR_NAME = AccentColor;
				CODE_SIGN_IDENTITY = "Apple Development";
				CODE_SIGN_STYLE = Automatic;
				CURRENT_PROJECT_VERSION = 6;
				DEBUG_INFORMATION_FORMAT = "dwarf-with-dsym";
				ENABLE_PREVIEWS = YES;
				ENABLE_USER_SCRIPT_SANDBOXING = NO;
				INFOPLIST_FILE = iOS/Info.plist;
				INFOPLIST_KEY_CFBundleDisplayName = "Flight ART";
				INFOPLIST_KEY_LSApplicationCategoryType = "public.app-category.utilities";
				IPHONEOS_DEPLOYMENT_TARGET = 17.0;
				LD_RUNPATH_SEARCH_PATHS = (
					"$(inherited)",
					"@executable_path/Frameworks",
				);
				MARKETING_VERSION = 1.0.3;
				PRODUCT_BUNDLE_IDENTIFIER = codes.tim.FART;
				PRODUCT_NAME = "Flight Assessment of Risk Tool";
				PROVISIONING_PROFILE_SPECIFIER = "";
				SDKROOT = iphoneos;
				TARGETED_DEVICE_FAMILY = "1,2";
			};
			name = Debug;
		};
		01BE9C54266AEBC00026C4ED /* Release */ = {
			isa = XCBuildConfiguration;
			buildSettings = {
				ASSETCATALOG_COMPILER_APPICON_NAME = Icon;
				ASSETCATALOG_COMPILER_GLOBAL_ACCENT_COLOR_NAME = AccentColor;
				CODE_SIGN_IDENTITY = "Apple Development";
				CODE_SIGN_STYLE = Automatic;
				CURRENT_PROJECT_VERSION = 6;
				DEBUG_INFORMATION_FORMAT = "dwarf-with-dsym";
				ENABLE_PREVIEWS = YES;
				ENABLE_USER_SCRIPT_SANDBOXING = NO;
				INFOPLIST_FILE = iOS/Info.plist;
				INFOPLIST_KEY_CFBundleDisplayName = "Flight ART";
				INFOPLIST_KEY_LSApplicationCategoryType = "public.app-category.utilities";
				IPHONEOS_DEPLOYMENT_TARGET = 17.0;
				LD_RUNPATH_SEARCH_PATHS = (
					"$(inherited)",
					"@executable_path/Frameworks",
				);
				MARKETING_VERSION = 1.0.3;
				PRODUCT_BUNDLE_IDENTIFIER = codes.tim.FART;
				PRODUCT_NAME = "Flight Assessment of Risk Tool";
				PROVISIONING_PROFILE_SPECIFIER = "";
				SDKROOT = iphoneos;
				TARGETED_DEVICE_FAMILY = "1,2";
				VALIDATE_PRODUCT = YES;
			};
			name = Release;
		};
		01BE9C56266AEBC00026C4ED /* Debug */ = {
			isa = XCBuildConfiguration;
			buildSettings = {
				ASSETCATALOG_COMPILER_APPICON_NAME = Icon;
				ASSETCATALOG_COMPILER_GLOBAL_ACCENT_COLOR_NAME = AccentColor;
				CODE_SIGN_ENTITLEMENTS = macOS/macOS.entitlements;
				CODE_SIGN_IDENTITY = "Apple Development";
				CODE_SIGN_STYLE = Automatic;
				COMBINE_HIDPI_IMAGES = YES;
				CURRENT_PROJECT_VERSION = 6;
				DEAD_CODE_STRIPPING = YES;
				ENABLE_HARDENED_RUNTIME = YES;
				ENABLE_PREVIEWS = YES;
				INFOPLIST_FILE = macOS/Info.plist;
				INFOPLIST_KEY_CFBundleDisplayName = "Flight ART";
				INFOPLIST_KEY_LSApplicationCategoryType = "public.app-category.utilities";
				LD_RUNPATH_SEARCH_PATHS = (
					"$(inherited)",
					"@executable_path/../Frameworks",
				);
				MACOSX_DEPLOYMENT_TARGET = 14.0;
				MARKETING_VERSION = 1.0.3;
				PRODUCT_BUNDLE_IDENTIFIER = codes.tim.FART;
				PRODUCT_NAME = "Flight Assessment of Risk Tool";
				PROVISIONING_PROFILE_SPECIFIER = "";
				SDKROOT = macosx;
			};
			name = Debug;
		};
		01BE9C57266AEBC00026C4ED /* Release */ = {
			isa = XCBuildConfiguration;
			buildSettings = {
				ASSETCATALOG_COMPILER_APPICON_NAME = Icon;
				ASSETCATALOG_COMPILER_GLOBAL_ACCENT_COLOR_NAME = AccentColor;
				CODE_SIGN_ENTITLEMENTS = macOS/macOS.entitlements;
				CODE_SIGN_IDENTITY = "Apple Development";
				CODE_SIGN_STYLE = Automatic;
				COMBINE_HIDPI_IMAGES = YES;
				CURRENT_PROJECT_VERSION = 6;
				DEAD_CODE_STRIPPING = YES;
				ENABLE_HARDENED_RUNTIME = YES;
				ENABLE_PREVIEWS = YES;
				INFOPLIST_FILE = macOS/Info.plist;
				INFOPLIST_KEY_CFBundleDisplayName = "Flight ART";
				INFOPLIST_KEY_LSApplicationCategoryType = "public.app-category.utilities";
				LD_RUNPATH_SEARCH_PATHS = (
					"$(inherited)",
					"@executable_path/../Frameworks",
				);
				MACOSX_DEPLOYMENT_TARGET = 14.0;
				MARKETING_VERSION = 1.0.3;
				PRODUCT_BUNDLE_IDENTIFIER = codes.tim.FART;
				PRODUCT_NAME = "Flight Assessment of Risk Tool";
				PROVISIONING_PROFILE_SPECIFIER = "";
				SDKROOT = macosx;
			};
			name = Release;
		};
/* End XCBuildConfiguration section */

/* Begin XCConfigurationList section */
		019A35952E85FAE100F14F8C /* Build configuration list for PBXNativeTarget "FARTUnitTests" */ = {
			isa = XCConfigurationList;
			buildConfigurations = (
				019A35962E85FAE100F14F8C /* Debug */,
				019A35972E85FAE100F14F8C /* Release */,
			);
			defaultConfigurationIsVisible = 0;
			defaultConfigurationName = Release;
		};
		019A35A42E85FAF100F14F8C /* Build configuration list for PBXNativeTarget "FARTUITests" */ = {
			isa = XCConfigurationList;
			buildConfigurations = (
				019A35A52E85FAF100F14F8C /* Debug */,
				019A35A62E85FAF100F14F8C /* Release */,
			);
			defaultConfigurationIsVisible = 0;
			defaultConfigurationName = Release;
		};
		019A35C62E861E4C00F14F8C /* Build configuration list for PBXNativeTarget "Generate Screenshots" */ = {
			isa = XCConfigurationList;
			buildConfigurations = (
				019A35C72E861E4C00F14F8C /* Debug */,
				019A35C82E861E4C00F14F8C /* Release */,
			);
			defaultConfigurationIsVisible = 0;
			defaultConfigurationName = Release;
		};
		01BE9C35266AEBBE0026C4ED /* Build configuration list for PBXProject "Flight Assessment of Risk Tool" */ = {
			isa = XCConfigurationList;
			buildConfigurations = (
				01BE9C50266AEBC00026C4ED /* Debug */,
				01BE9C51266AEBC00026C4ED /* Release */,
			);
			defaultConfigurationIsVisible = 0;
			defaultConfigurationName = Release;
		};
		01BE9C52266AEBC00026C4ED /* Build configuration list for PBXNativeTarget "FART (iOS)" */ = {
			isa = XCConfigurationList;
			buildConfigurations = (
				01BE9C53266AEBC00026C4ED /* Debug */,
				01BE9C54266AEBC00026C4ED /* Release */,
			);
			defaultConfigurationIsVisible = 0;
			defaultConfigurationName = Release;
		};
		01BE9C55266AEBC00026C4ED /* Build configuration list for PBXNativeTarget "FART (macOS)" */ = {
			isa = XCConfigurationList;
			buildConfigurations = (
				01BE9C56266AEBC00026C4ED /* Debug */,
				01BE9C57266AEBC00026C4ED /* Release */,
			);
			defaultConfigurationIsVisible = 0;
			defaultConfigurationName = Release;
		};
/* End XCConfigurationList section */

/* Begin XCRemoteSwiftPackageReference section */
		01D2507A266B436F009BECAA /* XCRemoteSwiftPackageReference "Defaults" */ = {
			isa = XCRemoteSwiftPackageReference;
			repositoryURL = "https://github.com/sindresorhus/Defaults";
			requirement = {
				kind = upToNextMajorVersion;
				minimumVersion = 8.0.0;
			};
		};
		A85C1CBD8C5042C695024A73 /* XCRemoteSwiftPackageReference "sentry-cocoa" */ = {
			isa = XCRemoteSwiftPackageReference;
			repositoryURL = "https://github.com/getsentry/sentry-cocoa/";
			requirement = {
				kind = upToNextMajorVersion;
				minimumVersion = 8.0.0;
			};
		};
/* End XCRemoteSwiftPackageReference section */

/* Begin XCSwiftPackageProductDependency section */
		017F9F5E2EB145E800789538 /* Sentry */ = {
			isa = XCSwiftPackageProductDependency;
			package = A85C1CBD8C5042C695024A73 /* XCRemoteSwiftPackageReference "sentry-cocoa" */;
			productName = Sentry;
		};
		019DB8462E8780D8002E7411 /* Defaults */ = {
			isa = XCSwiftPackageProductDependency;
			package = 01D2507A266B436F009BECAA /* XCRemoteSwiftPackageReference "Defaults" */;
			productName = Defaults;
		};
		01D2507B266B436F009BECAA /* Defaults */ = {
			isa = XCSwiftPackageProductDependency;
			package = 01D2507A266B436F009BECAA /* XCRemoteSwiftPackageReference "Defaults" */;
			productName = Defaults;
		};
		01D2507E266B437B009BECAA /* Defaults */ = {
			isa = XCSwiftPackageProductDependency;
			package = 01D2507A266B436F009BECAA /* XCRemoteSwiftPackageReference "Defaults" */;
			productName = Defaults;
		};
		9373A74ADA3745F38306B8B8 /* Sentry */ = {
			isa = XCSwiftPackageProductDependency;
			package = A85C1CBD8C5042C695024A73 /* XCRemoteSwiftPackageReference "sentry-cocoa" */;
			productName = Sentry;
		};
/* End XCSwiftPackageProductDependency section */
	};
	rootObject = 01BE9C32266AEBBE0026C4ED /* Project object */;
}
