// !$*UTF8*$!
{
	archiveVersion = 1;
	classes = {
	};
	objectVersion = 100;
	objects = {

/* Begin PBXBuildFile section */
		0159225B2FCA2B45007FB6BB /* XCUITestKit in Frameworks */ = {isa = PBXBuildFile; productRef = 0159225A2FCA2B45007FB6BB /* XCUITestKit */; };
		017F9F5F2EB145E800789538 /* Sentry in Frameworks */ = {isa = PBXBuildFile; productRef = 017F9F5E2EB145E800789538 /* Sentry */; };
		019DB8472E8780D8002E7411 /* Defaults in Frameworks */ = {isa = PBXBuildFile; productRef = 019DB8462E8780D8002E7411 /* Defaults */; };
		01D2507C266B436F009BECAA /* Defaults in Frameworks */ = {isa = PBXBuildFile; productRef = 01D2507B266B436F009BECAA /* Defaults */; };
		01D2507F266B437B009BECAA /* Defaults in Frameworks */ = {isa = PBXBuildFile; productRef = 01D2507E266B437B009BECAA /* Defaults */; };
		01EB02DC2FCA2CEF007C3D1E /* XCUITestKit in Frameworks */ = {isa = PBXBuildFile; productRef = 01EB02DB2FCA2CEF007C3D1E /* XCUITestKit */; };
		6596F9CC75CE466A97B70D7A /* Sentry in Frameworks */ = {isa = PBXBuildFile; productRef = 9373A74ADA3745F38306B8B8 /* Sentry */; };
/* End PBXBuildFile section */

/* Begin PBXContainerItemProxy section */
		019A35932E85FAE100F14F8C /* PBXContainerItemProxy */ = {
			isa = PBXContainerItemProxy;
			containerPortal = 01BE9C32266AEBBE0026C4ED /* Project object */;
			proxyType = 1;
			remoteGlobalIDString = 01BE9C3D266AEBC00026C4ED;
			remoteInfo = "FART (iOS)";
		};
		019A35A22E85FAF100F14F8C /* PBXContainerItemProxy */ = {
			isa = PBXContainerItemProxy;
			containerPortal = 01BE9C32266AEBBE0026C4ED /* Project object */;
			proxyType = 1;
			remoteGlobalIDString = 01BE9C3D266AEBC00026C4ED;
			remoteInfo = "FART (iOS)";
		};
		019A35C42E861E4C00F14F8C /* PBXContainerItemProxy */ = {
			isa = PBXContainerItemProxy;
			containerPortal = 01BE9C32266AEBBE0026C4ED /* Project object */;
			proxyType = 1;
			remoteGlobalIDString = 01BE9C3D266AEBC00026C4ED;
			remoteInfo = "FART (iOS)";
		};
/* End PBXContainerItemProxy section */

/* Begin PBXFileReference section */
		019A358F2E85FAE100F14F8C /* FARTUnitTests.xctest */ = {isa = PBXFileReference; explicitFileType = wrapper.cfbundle; includeInIndex = 0; path = FARTUnitTests.xctest; sourceTree = BUILT_PRODUCTS_DIR; };
		019A359C2E85FAF100F14F8C /* FARTUITests.xctest */ = {isa = PBXFileReference; explicitFileType = wrapper.cfbundle; includeInIndex = 0; path = FARTUITests.xctest; sourceTree = BUILT_PRODUCTS_DIR; };
		019A35BE2E861E4C00F14F8C /* Generate Screenshots.xctest */ = {isa = PBXFileReference; explicitFileType = wrapper.cfbundle; includeInIndex = 0; path = "Generate Screenshots.xctest"; sourceTree = BUILT_PRODUCTS_DIR; };
		01BE9C3E266AEBC00026C4ED /* Flight Assessment of Risk Tool.app */ = {isa = PBXFileReference; explicitFileType = wrapper.application; includeInIndex = 0; path = "Flight Assessment of Risk Tool.app"; sourceTree = BUILT_PRODUCTS_DIR; };
		01BE9C46266AEBC00026C4ED /* Flight Assessment of Risk Tool.app */ = {isa = PBXFileReference; explicitFileType = wrapper.application; includeInIndex = 0; path = "Flight Assessment of Risk Tool.app"; sourceTree = BUILT_PRODUCTS_DIR; };
/* End PBXFileReference section */

/* Begin PBXFileSystemSynchronizedBuildFileExceptionSet section */
		0136708E2E8759D30098F3D1 /* Exceptions for "FARTUITests" folder in "Generate Screenshots" target */ = {
			isa = PBXFileSystemSynchronizedBuildFileExceptionSet;
			membershipExceptions = (
				Extensions.swift,
			);
			target = 019A35BD2E861E4C00F14F8C /* Generate Screenshots */;
		};
		FA27E12940812A80940FED53 /* Exceptions for "iOS" folder in "FART (iOS)" target */ = {
			isa = PBXFileSystemSynchronizedBuildFileExceptionSet;
			membershipExceptions = (
				Info.plist,
			);
			target = 01BE9C3D266AEBC00026C4ED /* FART (iOS) */;
		};
/* End PBXFileSystemSynchronizedBuildFileExceptionSet section */

/* Begin PBXFileSystemSynchronizedRootGroup section */
		019A35902E85FAE100F14F8C /* FARTUnitTests */ = {
			isa = PBXFileSystemSynchronizedRootGroup;
			path = FARTUnitTests;
			sourceTree = "<group>";
		};
		019A359D2E85FAF100F14F8C /* FARTUITests */ = {
			isa = PBXFileSystemSynchronizedRootGroup;
			exceptions = (
				0136708E2E8759D30098F3D1 /* Exceptions for "FARTUITests" folder in "Generate Screenshots" target */,
			);
			path = FARTUITests;
			sourceTree = "<group>";
		};
		019A35BF2E861E4C00F14F8C /* Generate Screenshots */ = {
			isa = PBXFileSystemSynchronizedRootGroup;
			path = "Generate Screenshots";
			sourceTree = "<group>";
		};
		01BE9C36266AEBBE0026C4ED /* Shared */ = {
			isa = PBXFileSystemSynchronizedRootGroup;
			path = Shared;
			sourceTree = "<group>";
		};
		01BE9C40266AEBC00026C4ED /* iOS */ = {
			isa = PBXFileSystemSynchronizedRootGroup;
			exceptions = (
				FA27E12940812A80940FED53 /* Exceptions for "iOS" folder in "FART (iOS)" target */,
			);
			path = iOS;
			sourceTree = "<group>";
		};
		01BE9C47266AEBC00026C4ED /* macOS */ = {
			isa = PBXFileSystemSynchronizedRootGroup;
			path = macOS;
			sourceTree = "<group>";
		};
/* End PBXFileSystemSynchronizedRootGroup section */

/* Begin PBXFrameworksBuildPhase section */
		019A358C2E85FAE100F14F8C /* Frameworks */ = {
			isa = PBXFrameworksBuildPhase;
			files = (
				019DB8472E8780D8002E7411 /* Defaults in Frameworks */,
			);
		};
		019A35992E85FAF100F14F8C /* Frameworks */ = {
			isa = PBXFrameworksBuildPhase;
			files = (
				0159225B2FCA2B45007FB6BB /* XCUITestKit in Frameworks */,
			);
		};
		019A35BB2E861E4C00F14F8C /* Frameworks */ = {
			isa = PBXFrameworksBuildPhase;
			files = (
				01EB02DC2FCA2CEF007C3D1E /* XCUITestKit in Frameworks */,
			);
		};
		01BE9C3B266AEBC00026C4ED /* Frameworks */ = {
			isa = PBXFrameworksBuildPhase;
			files = (
				01D2507C266B436F009BECAA /* Defaults in Frameworks */,
				6596F9CC75CE466A97B70D7A /* Sentry in Frameworks */,
			);
		};
		01BE9C43266AEBC00026C4ED /* Frameworks */ = {
			isa = PBXFrameworksBuildPhase;
			files = (
				01D2507F266B437B009BECAA /* Defaults in Frameworks */,
				017F9F5F2EB145E800789538 /* Sentry in Frameworks */,
			);
		};
/* End PBXFrameworksBuildPhase section */

/* Begin PBXGroup section */
		01BE9C31266AEBBE0026C4ED = {
			isa = PBXGroup;
			children = (
				01BE9C36266AEBBE0026C4ED /* Shared */,
				01BE9C40266AEBC00026C4ED /* iOS */,
				01BE9C47266AEBC00026C4ED /* macOS */,
				019A35902E85FAE100F14F8C /* FARTUnitTests */,
				019A359D2E85FAF100F14F8C /* FARTUITests */,
				019A35BF2E861E4C00F14F8C /* Generate Screenshots */,
				01BE9C3F266AEBC00026C4ED /* Products */,
				01D2507D266B437B009BECAA /* Frameworks */,
			);
			sourceTree = "<group>";
		};
		01BE9C3F266AEBC00026C4ED /* Products */ = {
			isa = PBXGroup;
			children = (
				01BE9C3E266AEBC00026C4ED /* Flight Assessment of Risk Tool.app */,
				01BE9C46266AEBC00026C4ED /* Flight Assessment of Risk Tool.app */,
				019A358F2E85FAE100F14F8C /* FARTUnitTests.xctest */,
				019A359C2E85FAF100F14F8C /* FARTUITests.xctest */,
				019A35BE2E861E4C00F14F8C /* Generate Screenshots.xctest */,
			);
			name = Products;
			sourceTree = "<group>";
		};
		01D2507D266B437B009BECAA /* Frameworks */ = {
			isa = PBXGroup;
			children = (
			);
			name = Frameworks;
			sourceTree = "<group>";
		};
/* End PBXGroup section */

/* Begin PBXNativeTarget section */
		019A358E2E85FAE100F14F8C /* FARTUnitTests */ = {
			isa = PBXNativeTarget;
			buildConfigurationList = 019A35952E85FAE100F14F8C /* Build configuration list for PBXNativeTarget "FARTUnitTests" */;
			buildPhases = (
				019A358B2E85FAE100F14F8C /* Sources */,
				019A358C2E85FAE100F14F8C /* Frameworks */,
				019A358D2E85FAE100F14F8C /* Resources */,
			);
			buildRules = (
			);
			dependencies = (
				019A35942E85FAE100F14F8C /* PBXTargetDependency */,
			);
			fileSystemSynchronizedGroups = (
				019A35902E85FAE100F14F8C /* FARTUnitTests */,
			);
			name = FARTUnitTests;
			packageProductDependencies = (
				019DB8462E8780D8002E7411 /* Defaults */,
			);
			productName = FARTUnitTests;
			productReference = 019A358F2E85FAE100F14F8C /* FARTUnitTests.xctest */;
			productType = "com.apple.product-type.bundle.unit-test";
		};
		019A359B2E85FAF100F14F8C /* FARTUITests */ = {
			isa = PBXNativeTarget;
			buildConfigurationList = 019A35A42E85FAF100F14F8C /* Build configuration list for PBXNativeTarget "FARTUITests" */;
			buildPhases = (
				019A35982E85FAF100F14F8C /* Sources */,
				019A35992E85FAF100F14F8C /* Frameworks */,
				019A359A2E85FAF100F14F8C /* Resources */,
			);
			buildRules = (
			);
			dependencies = (
				019A35A32E85FAF100F14F8C /* PBXTargetDependency */,
			);
			fileSystemSynchronizedGroups = (
				019A359D2E85FAF100F14F8C /* FARTUITests */,
			);
			name = FARTUITests;
			packageProductDependencies = (
				0159225A2FCA2B45007FB6BB /* XCUITestKit */,
			);
			productName = FARTUITests;
			productReference = 019A359C2E85FAF100F14F8C /* FARTUITests.xctest */;
			productType = "com.apple.product-type.bundle.ui-testing";
		};
		019A35BD2E861E4C00F14F8C /* Generate Screenshots */ = {
			isa = PBXNativeTarget;
			buildConfigurationList = 019A35C62E861E4C00F14F8C /* Build configuration list for PBXNativeTarget "Generate Screenshots" */;
			buildPhases = (
				019A35BA2E861E4C00F14F8C /* Sources */,
				019A35BB2E861E4C00F14F8C /* Frameworks */,
				019A35BC2E861E4C00F14F8C /* Resources */,
			);
			buildRules = (
			);
			dependencies = (
				019A35C52E861E4C00F14F8C /* PBXTargetDependency */,
			);
			fileSystemSynchronizedGroups = (
				019A35BF2E861E4C00F14F8C /* Generate Screenshots */,
			);
			name = "Generate Screenshots";
			packageProductDependencies = (
				01EB02DB2FCA2CEF007C3D1E /* XCUITestKit */,
			);
			productName = "Generate Screenshots";
			productReference = 019A35BE2E861E4C00F14F8C /* Generate Screenshots.xctest */;
			productType = "com.apple.product-type.bundle.ui-testing";
		};
		01BE9C3D266AEBC00026C4ED /* FART (iOS) */ = {
			isa = PBXNativeTarget;
			buildConfigurationList = 01BE9C52266AEBC00026C4ED /* Build configuration list for PBXNativeTarget "FART (iOS)" */;
			buildPhases = (
				01BE9C3A266AEBC00026C4ED /* Sources */,
				01BE9C3B266AEBC00026C4ED /* Frameworks */,
				01BE9C3C266AEBC00026C4ED /* Resources */,
				116F595D1C614012AC0E70F5 /* Upload Debug Symbols to Sentry */,
			);
			buildRules = (
			);
			fileSystemSynchronizedGroups = (
				01BE9C36266AEBBE0026C4ED /* Shared */,
				01BE9C40266AEBC00026C4ED /* iOS */,
			);
			name = "FART (iOS)";
			packageProductDependencies = (
				01D2507B266B436F009BECAA /* Defaults */,
				9373A74ADA3745F38306B8B8 /* Sentry */,
			);
			productName = "Flight Assessment of Risk Tool (iOS)";
			productReference = 01BE9C3E266AEBC00026C4ED /* Flight Assessment of Risk Tool.app */;
			productType = "com.apple.product-type.application";
		};
		01BE9C45266AEBC00026C4ED /* FART (macOS) */ = {
			isa = PBXNativeTarget;
			buildConfigurationList = 01BE9C55266AEBC00026C4ED /* Build configuration list for PBXNativeTarget "FART (macOS)" */;
			buildPhases = (
				01BE9C42266AEBC00026C4ED /* Sources */,
				01BE9C43266AEBC00026C4ED /* Frameworks */,
				01BE9C44266AEBC00026C4ED /* Resources */,
				0140E8A42EB16BD70059C230 /* Upload Debug Symbols to Sentry */,
			);
			buildRules = (
			);
			fileSystemSynchronizedGroups = (
				01BE9C36266AEBBE0026C4ED /* Shared */,
				01BE9C47266AEBC00026C4ED /* macOS */,
			);
			name = "FART (macOS)";
			packageProductDependencies = (
				01D2507E266B437B009BECAA /* Defaults */,
				017F9F5E2EB145E800789538 /* Sentry */,
			);
			productName = "Flight Assessment of Risk Tool (macOS)";
			productReference = 01BE9C46266AEBC00026C4ED /* Flight Assessment of Risk Tool.app */;
			productType = "com.apple.product-type.application";
		};
/* End PBXNativeTarget section */

/* Begin PBXProject section */
		01BE9C32266AEBBE0026C4ED /* Project object */ = {
			isa = PBXProject;
			attributes = {
				BuildIndependentTargetsInParallel = YES;
				LastSwiftUpdateCheck = 2640;
				LastUpgradeCheck = 2640;
				TargetAttributes = {
					019A358E2E85FAE100F14F8C = {
						CreatedOnToolsVersion = 26.0.1;
						TestTargetID = 01BE9C3D266AEBC00026C4ED;
					};
					019A359B2E85FAF100F14F8C = {
						CreatedOnToolsVersion = 26.0.1;
						TestTargetID = 01BE9C3D266AEBC00026C4ED;
					};
					019A35BD2E861E4C00F14F8C = {
						CreatedOnToolsVersion = 26.0.1;
						TestTargetID = 01BE9C3D266AEBC00026C4ED;
					};
					01BE9C3D266AEBC00026C4ED = {
						CreatedOnToolsVersion = 12.5;
					};
					01BE9C45266AEBC00026C4ED = {
						CreatedOnToolsVersion = 12.5;
					};
				};
			};
			buildConfigurationList = 01BE9C35266AEBBE0026C4ED /* Build configuration list for PBXProject "Flight Assessment of Risk Tool" */;
			developmentRegion = en;
			hasScannedForEncodings = 0;
			knownRegions = (
				en,
				Base,
			);
			mainGroup = 01BE9C31266AEBBE0026C4ED;
			packageReferences = (
				01D2507A266B436F009BECAA /* XCRemoteSwiftPackageReference "Defaults" */,
				A85C1CBD8C5042C695024A73 /* XCRemoteSwiftPackageReference "sentry-cocoa" */,
				015922592FCA2B45007FB6BB /* XCRemoteSwiftPackageReference "XCUITestKit" */,
			);
			preferredProjectObjectVersion = 100;
			productRefGroup = 01BE9C3F266AEBC00026C4ED /* Products */;
			projectDirPath = "";
			projectRoot = "";
			targets = (
				01BE9C3D266AEBC00026C4ED /* FART (iOS) */,
				01BE9C45266AEBC00026C4ED /* FART (macOS) */,
				019A358E2E85FAE100F14F8C /* FARTUnitTests */,
				019A359B2E85FAF100F14F8C /* FARTUITests */,
				019A35BD2E861E4C00F14F8C /* Generate Screenshots */,
			);
		};
/* End PBXProject section */

/* Begin PBXResourcesBuildPhase section */
		019A358D2E85FAE100F14F8C /* Resources */ = {
			isa = PBXResourcesBuildPhase;
			files = (
			);
		};
		019A359A2E85FAF100F14F8C /* Resources */ = {
			isa = PBXResourcesBuildPhase;
			files = (
			);
		};
		019A35BC2E861E4C00F14F8C /* Resources */ = {
			isa = PBXResourcesBuildPhase;
			files = (
			);
		};
		01BE9C3C266AEBC00026C4ED /* Resources */ = {
			isa = PBXResourcesBuildPhase;
			files = (
			);
		};
		01BE9C44266AEBC00026C4ED /* Resources */ = {
			isa = PBXResourcesBuildPhase;
			files = (
			);
		};
/* End PBXResourcesBuildPhase section */

/* Begin PBXShellScriptBuildPhase section */
		0140E8A42EB16BD70059C230 /* Upload Debug Symbols to Sentry */ = {
			isa = PBXShellScriptBuildPhase;
			alwaysOutOfDate = 1;
			inputPaths = (
				"${DWARF_DSYM_FOLDER_PATH}/${DWARF_DSYM_FILE_NAME}/Contents/Resources/DWARF/${TARGET_NAME}",
			);
			name = "Upload Debug Symbols to Sentry";
			runOnlyForDeploymentPostprocessing = 1;
			shellPath = /bin/sh;
			shellScript = (
				"# This script is responsible for uploading debug symbols and source context for Sentry.",
				"if [[ \"$(uname -m)\" == arm64 ]]; then",
				"  export PATH=\"/opt/homebrew/bin:$PATH\"",
				"fi",
				"",
				"if which sentry-cli >/dev/null; then",
				"  export SENTRY_ORG=timcodes",
				"  export SENTRY_PROJECT=fart",
				"  ERROR=$(sentry-cli debug-files upload --include-sources \"$DWARF_DSYM_FOLDER_PATH\" 2>&1 >/dev/null)",
				"  if [ ! $? -eq 0 ]; then",
				"    echo \"warning: sentry-cli - $ERROR\"",
				"  fi",
				"else",
				"  echo \"warning: sentry-cli not installed, download from https://github.com/getsentry/sentry-cli/releases\"",
				"fi",
				"",
				"",
				"",
			);
		};
		116F595D1C614012AC0E70F5 /* Upload Debug Symbols to Sentry */ = {
			isa = PBXShellScriptBuildPhase;
			alwaysOutOfDate = 1;
			inputPaths = (
				"${DWARF_DSYM_FOLDER_PATH}/${DWARF_DSYM_FILE_NAME}/Contents/Resources/DWARF/${TARGET_NAME}",
			);
			name = "Upload Debug Symbols to Sentry";
			runOnlyForDeploymentPostprocessing = 1;
			shellPath = /bin/sh;
			shellScript = (
				"# This script is responsible for uploading debug symbols and source context for Sentry.",
				"if [[ \"$(uname -m)\" == arm64 ]]; then",
				"  export PATH=\"/opt/homebrew/bin:$PATH\"",
				"fi",
				"",
				"if which sentry-cli >/dev/null; then",
				"  export SENTRY_ORG=timcodes",
				"  export SENTRY_PROJECT=fart",
				"  ERROR=$(sentry-cli debug-files upload --include-sources \"$DWARF_DSYM_FOLDER_PATH\" 2>&1 >/dev/null)",
				"  if [ ! $? -eq 0 ]; then",
				"    echo \"warning: sentry-cli - $ERROR\"",
				"  fi",
				"else",
				"  echo \"warning: sentry-cli not installed, download from https://github.com/getsentry/sentry-cli/releases\"",
				"fi",
				"",
				"",
				"",
			);
		};
/* End PBXShellScriptBuildPhase section */

/* Begin PBXSourcesBuildPhase section */
		019A358B2E85FAE100F14F8C /* Sources */ = {
			isa = PBXSourcesBuildPhase;
			files = (
			);
		};
		019A35982E85FAF100F14F8C /* Sources */ = {
			isa = PBXSourcesBuildPhase;
			files = (
			);
		};
		019A35BA2E861E4C00F14F8C /* Sources */ = {
			isa = PBXSourcesBuildPhase;
			files = (
			);
		};
		01BE9C3A266AEBC00026C4ED /* Sources */ = {
			isa = PBXSourcesBuildPhase;
			files = (
			);
		};
		01BE9C42266AEBC00026C4ED /* Sources */ = {
			isa = PBXSourcesBuildPhase;
			files = (
			);
		};
/* End PBXSourcesBuildPhase section */

/* Begin PBXTargetDependency section */
		019A35942E85FAE100F14F8C /* PBXTargetDependency */ = {
			isa = PBXTargetDependency;
			target = 01BE9C3D266AEBC00026C4ED /* FART (iOS) */;
			targetProxy = 019A35932E85FAE100F14F8C /* PBXContainerItemProxy */;
		};
		019A35A32E85FAF100F14F8C /* PBXTargetDependency */ = {
			isa = PBXTargetDependency;
			target = 01BE9C3D266AEBC00026C4ED /* FART (iOS) */;
			targetProxy = 019A35A22E85FAF100F14F8C /* PBXContainerItemProxy */;
		};
		019A35C52E861E4C00F14F8C /* PBXTargetDependency */ = {
			isa = PBXTargetDependency;
			target = 01BE9C3D266AEBC00026C4ED /* FART (iOS) */;
			targetProxy = 019A35C42E861E4C00F14F8C /* PBXContainerItemProxy */;
		};
/* End PBXTargetDependency section */

/* Begin XCBuildConfiguration section */
		019A35962E85FAE100F14F8C /* Debug configuration for PBXNativeTarget "FARTUnitTests" */ = {
			isa = XCBuildConfiguration;
			buildSettings = {
				BUNDLE_LOADER = "$(TEST_HOST)";
				CLANG_CXX_LANGUAGE_STANDARD = "gnu++20";
				CODE_SIGN_STYLE = Automatic;
				CURRENT_PROJECT_VERSION = 1;
				DEVELOPMENT_TEAM = 2NFSK2WB24;
				GCC_C_LANGUAGE_STANDARD = gnu17;
				GENERATE_INFOPLIST_FILE = YES;
				IPHONEOS_DEPLOYMENT_TARGET = 26.0;
				LOCALIZATION_PREFERS_STRING_CATALOGS = YES;
				MARKETING_VERSION = 1.0;
				PRODUCT_BUNDLE_IDENTIFIER = codes.tim.FARTUnitTests;
				PRODUCT_NAME = "$(TARGET_NAME)";
				SDKROOT = iphoneos;
				STRING_CATALOG_GENERATE_SYMBOLS = NO;
				SWIFT_ACTIVE_COMPILATION_CONDITIONS = "DEBUG $(inherited)";
				SWIFT_APPROACHABLE_CONCURRENCY = YES;
				SWIFT_EMIT_LOC_STRINGS = NO;
				SWIFT_UPCOMING_FEATURE_MEMBER_IMPORT_VISIBILITY = YES;
				TARGETED_DEVICE_FAMILY = "1,2";
				TEST_HOST = "$(BUILT_PRODUCTS_DIR)/Flight Assessment of Risk Tool.app/$(BUNDLE_EXECUTABLE_FOLDER_PATH)/Flight Assessment of Risk Tool";
			};
			name = Debug;
		};
		019A35972E85FAE100F14F8C /* Release configuration for PBXNativeTarget "FARTUnitTests" */ = {
			isa = XCBuildConfiguration;
			buildSettings = {
				BUNDLE_LOADER = "$(TEST_HOST)";
				CLANG_CXX_LANGUAGE_STANDARD = "gnu++20";
				CODE_SIGN_STYLE = Automatic;
				CURRENT_PROJECT_VERSION = 1;
				DEVELOPMENT_TEAM = 2NFSK2WB24;
				GCC_C_LANGUAGE_STANDARD = gnu17;
				GENERATE_INFOPLIST_FILE = YES;
				IPHONEOS_DEPLOYMENT_TARGET = 26.0;
				LOCALIZATION_PREFERS_STRING_CATALOGS = YES;
				MARKETING_VERSION = 1.0;
				PRODUCT_BUNDLE_IDENTIFIER = codes.tim.FARTUnitTests;
				PRODUCT_NAME = "$(TARGET_NAME)";
				SDKROOT = iphoneos;
				STRING_CATALOG_GENERATE_SYMBOLS = NO;
				SWIFT_APPROACHABLE_CONCURRENCY = YES;
				SWIFT_EMIT_LOC_STRINGS = NO;
				SWIFT_UPCOMING_FEATURE_MEMBER_IMPORT_VISIBILITY = YES;
				TARGETED_DEVICE_FAMILY = "1,2";
				TEST_HOST = "$(BUILT_PRODUCTS_DIR)/Flight Assessment of Risk Tool.app/$(BUNDLE_EXECUTABLE_FOLDER_PATH)/Flight Assessment of Risk Tool";
				VALIDATE_PRODUCT = YES;
			};
			name = Release;
		};
		019A35A52E85FAF100F14F8C /* Debug configuration for PBXNativeTarget "FARTUITests" */ = {
			isa = XCBuildConfiguration;
			buildSettings = {
				CLANG_CXX_LANGUAGE_STANDARD = "gnu++20";
				CODE_SIGN_STYLE = Automatic;
				CURRENT_PROJECT_VERSION = 1;
				DEVELOPMENT_TEAM = 2NFSK2WB24;
				GCC_C_LANGUAGE_STANDARD = gnu17;
				GENERATE_INFOPLIST_FILE = YES;
				IPHONEOS_DEPLOYMENT_TARGET = 26.0;
				LOCALIZATION_PREFERS_STRING_CATALOGS = YES;
				MARKETING_VERSION = 1.0;
				PRODUCT_BUNDLE_IDENTIFIER = codes.tim.FARTUITests;
				PRODUCT_NAME = "$(TARGET_NAME)";
				SDKROOT = iphoneos;
				STRING_CATALOG_GENERATE_SYMBOLS = NO;
				SWIFT_ACTIVE_COMPILATION_CONDITIONS = "DEBUG $(inherited)";
				SWIFT_APPROACHABLE_CONCURRENCY = YES;
				SWIFT_EMIT_LOC_STRINGS = NO;
				SWIFT_UPCOMING_FEATURE_MEMBER_IMPORT_VISIBILITY = YES;
				TARGETED_DEVICE_FAMILY = "1,2";
				TEST_TARGET_NAME = "FART (iOS)";
			};
			name = Debug;
		};
		019A35A62E85FAF100F14F8C /* Release configuration for PBXNativeTarget "FARTUITests" */ = {
			isa = XCBuildConfiguration;
			buildSettings = {
				CLANG_CXX_LANGUAGE_STANDARD = "gnu++20";
				CODE_SIGN_STYLE = Automatic;
				CURRENT_PROJECT_VERSION = 1;
				DEVELOPMENT_TEAM = 2NFSK2WB24;
				GCC_C_LANGUAGE_STANDARD = gnu17;
				GENERATE_INFOPLIST_FILE = YES;
				IPHONEOS_DEPLOYMENT_TARGET = 26.0;
				LOCALIZATION_PREFERS_STRING_CATALOGS = YES;
				MARKETING_VERSION = 1.0;
				PRODUCT_BUNDLE_IDENTIFIER = codes.tim.FARTUITests;
				PRODUCT_NAME = "$(TARGET_NAME)";
				SDKROOT = iphoneos;
				STRING_CATALOG_GENERATE_SYMBOLS = NO;
				SWIFT_APPROACHABLE_CONCURRENCY = YES;
				SWIFT_EMIT_LOC_STRINGS = NO;
				SWIFT_UPCOMING_FEATURE_MEMBER_IMPORT_VISIBILITY = YES;
				TARGETED_DEVICE_FAMILY = "1,2";
				TEST_TARGET_NAME = "FART (iOS)";
				VALIDATE_PRODUCT = YES;
			};
			name = Release;
		};
		019A35C72E861E4C00F14F8C /* Debug configuration for PBXNativeTarget "Generate Screenshots" */ = {
			isa = XCBuildConfiguration;
			buildSettings = {
				CLANG_CXX_LANGUAGE_STANDARD = "gnu++20";
				CODE_SIGN_STYLE = Automatic;
				CURRENT_PROJECT_VERSION = 1;
				DEVELOPMENT_TEAM = 2NFSK2WB24;
				GCC_C_LANGUAGE_STANDARD = gnu17;
				GENERATE_INFOPLIST_FILE = YES;
				IPHONEOS_DEPLOYMENT_TARGET = 26.0;
				LOCALIZATION_PREFERS_STRING_CATALOGS = YES;
				MARKETING_VERSION = 1.0;
				PRODUCT_BUNDLE_IDENTIFIER = "codes.tim.Generate-Screenshots";
				PRODUCT_NAME = "$(TARGET_NAME)";
				SDKROOT = iphoneos;
				STRING_CATALOG_GENERATE_SYMBOLS = NO;
				SUPPORTED_PLATFORMS = "iphoneos iphonesimulator";
				SUPPORTS_MACCATALYST = NO;
				SUPPORTS_MAC_DESIGNED_FOR_IPHONE_IPAD = NO;
				SUPPORTS_XR_DESIGNED_FOR_IPHONE_IPAD = NO;
				SWIFT_ACTIVE_COMPILATION_CONDITIONS = "DEBUG $(inherited)";
				SWIFT_APPROACHABLE_CONCURRENCY = YES;
				SWIFT_EMIT_LOC_STRINGS = NO;
				SWIFT_UPCOMING_FEATURE_MEMBER_IMPORT_VISIBILITY = YES;
				TARGETED_DEVICE_FAMILY = "1,2";
				TEST_TARGET_NAME = "FART (iOS)";
			};
			name = Debug;
		};
		019A35C82E861E4C00F14F8C /* Release configuration for PBXNativeTarget "Generate Screenshots" */ = {
			isa = XCBuildConfiguration;
			buildSettings = {
				CLANG_CXX_LANGUAGE_STANDARD = "gnu++20";
				CODE_SIGN_STYLE = Automatic;
				CURRENT_PROJECT_VERSION = 1;
				DEVELOPMENT_TEAM = 2NFSK2WB24;
				GCC_C_LANGUAGE_STANDARD = gnu17;
				GENERATE_INFOPLIST_FILE = YES;
				IPHONEOS_DEPLOYMENT_TARGET = 26.0;
				LOCALIZATION_PREFERS_STRING_CATALOGS = YES;
				MARKETING_VERSION = 1.0;
				PRODUCT_BUNDLE_IDENTIFIER = "codes.tim.Generate-Screenshots";
				PRODUCT_NAME = "$(TARGET_NAME)";
				SDKROOT = iphoneos;
				STRING_CATALOG_GENERATE_SYMBOLS = NO;
				SUPPORTED_PLATFORMS = "iphoneos iphonesimulator";
				SUPPORTS_MACCATALYST = NO;
				SUPPORTS_MAC_DESIGNED_FOR_IPHONE_IPAD = NO;
				SUPPORTS_XR_DESIGNED_FOR_IPHONE_IPAD = NO;
				SWIFT_APPROACHABLE_CONCURRENCY = YES;
				SWIFT_EMIT_LOC_STRINGS = NO;
				SWIFT_UPCOMING_FEATURE_MEMBER_IMPORT_VISIBILITY = YES;
				TARGETED_DEVICE_FAMILY = "1,2";
				TEST_TARGET_NAME = "FART (iOS)";
				VALIDATE_PRODUCT = YES;
			};
			name = Release;
		};
		01BE9C50266AEBC00026C4ED /* Debug configuration for PBXProject "Flight Assessment of Risk Tool" */ = {
			isa = XCBuildConfiguration;
			buildSettings = {
				ALWAYS_SEARCH_USER_PATHS = NO;
				ASSETCATALOG_COMPILER_GENERATE_SWIFT_ASSET_SYMBOL_EXTENSIONS = YES;
				CLANG_ANALYZER_NONNULL = YES;
				CLANG_ANALYZER_NUMBER_OBJECT_CONVERSION = YES_AGGRESSIVE;
				CLANG_CXX_LANGUAGE_STANDARD = "gnu++20";
				CLANG_CXX_LIBRARY = "libc++";
				CLANG_ENABLE_MODULES = YES;
				CLANG_ENABLE_OBJC_ARC = YES;
				CLANG_ENABLE_OBJC_WEAK = YES;
				CLANG_WARN_BLOCK_CAPTURE_AUTORELEASING = YES;
				CLANG_WARN_BOOL_CONVERSION = YES;
				CLANG_WARN_COMMA = YES;
				CLANG_WARN_CONSTANT_CONVERSION = YES;
				CLANG_WARN_DEPRECATED_OBJC_IMPLEMENTATIONS = YES;
				CLANG_WARN_DIRECT_OBJC_ISA_USAGE = YES_ERROR;
				CLANG_WARN_DOCUMENTATION_COMMENTS = YES;
				CLANG_WARN_EMPTY_BODY = YES;
				CLANG_WARN_ENUM_CONVERSION = YES;
				CLANG_WARN_INFINITE_RECURSION = YES;
				CLANG_WARN_INT_CONVERSION = YES;
				CLANG_WARN_NON_LITERAL_NULL_CONVERSION = YES;
				CLANG_WARN_OBJC_IMPLICIT_RETAIN_SELF = YES;
				CLANG_WARN_OBJC_LITERAL_CONVERSION = YES;
				CLANG_WARN_OBJC_ROOT_CLASS = YES_ERROR;
				CLANG_WARN_QUOTED_INCLUDE_IN_FRAMEWORK_HEADER = YES;
				CLANG_WARN_RANGE_LOOP_ANALYSIS = YES;
				CLANG_WARN_STRICT_PROTOTYPES = YES;
				CLANG_WARN_SUSPICIOUS_MOVE = YES;
				CLANG_WARN_UNGUARDED_AVAILABILITY = YES_AGGRESSIVE;
				CLANG_WARN_UNREACHABLE_CODE = YES;
				CLANG_WARN__DUPLICATE_METHOD_MATCH = YES;
				COPY_PHASE_STRIP = NO;
				DEAD_CODE_STRIPPING = YES;
				DEBUG_INFORMATION_FORMAT = dwarf;
				DEVELOPMENT_TEAM = 2NFSK2WB24;
				ENABLE_STRICT_OBJC_MSGSEND = YES;
				ENABLE_TESTABILITY = YES;
				ENABLE_USER_SCRIPT_SANDBOXING = NO;
				GCC_C_LANGUAGE_STANDARD = gnu17;
				GCC_DYNAMIC_NO_PIC = NO;
				GCC_NO_COMMON_BLOCKS = YES;
				GCC_OPTIMIZATION_LEVEL = 0;
				GCC_PREPROCESSOR_DEFINITIONS = (
					"DEBUG=1",
					"$(inherited)",
				);
				GCC_WARN_64_TO_32_BIT_CONVERSION = YES;
				GCC_WARN_ABOUT_RETURN_TYPE = YES_ERROR;
				GCC_WARN_UNDECLARED_SELECTOR = YES;
				GCC_WARN_UNINITIALIZED_AUTOS = YES_AGGRESSIVE;
				GCC_WARN_UNUSED_FUNCTION = YES;
				GCC_WARN_UNUSED_VARIABLE = YES;
				IPHONEOS_DEPLOYMENT_TARGET = 26.0;
				MACOSX_DEPLOYMENT_TARGET = 26.0;
				MTL_ENABLE_DEBUG_INFO = INCLUDE_SOURCE;
				MTL_FAST_MATH = YES;
				ONLY_ACTIVE_ARCH = YES;
				STRING_CATALOG_GENERATE_SYMBOLS = YES;
				SWIFT_ACTIVE_COMPILATION_CONDITIONS = DEBUG;
				SWIFT_APPROACHABLE_CONCURRENCY = YES;
				SWIFT_EMIT_LOC_STRINGS = YES;
				SWIFT_OPTIMIZATION_LEVEL = "-Onone";
				SWIFT_STRICT_CONCURRENCY = complete;
				SWIFT_VERSION = 6.3;
			};
			name = Debug;
		};
		01BE9C51266AEBC00026C4ED /* Release configuration for PBXProject "Flight Assessment of Risk Tool" */ = {
			isa = XCBuildConfiguration;
			buildSettings = {
				ALWAYS_SEARCH_USER_PATHS = NO;
				ASSETCATALOG_COMPILER_GENERATE_SWIFT_ASSET_SYMBOL_EXTENSIONS = YES;
				CLANG_ANALYZER_NONNULL = YES;
				CLANG_ANALYZER_NUMBER_OBJECT_CONVERSION = YES_AGGRESSIVE;
				CLANG_CXX_LANGUAGE_STANDARD = "gnu++20";
				CLANG_CXX_LIBRARY = "libc++";
				CLANG_ENABLE_MODULES = YES;
				CLANG_ENABLE_OBJC_ARC = YES;
				CLANG_ENABLE_OBJC_WEAK = YES;
				CLANG_WARN_BLOCK_CAPTURE_AUTORELEASING = YES;
				CLANG_WARN_BOOL_CONVERSION = YES;
				CLANG_WARN_COMMA = YES;
				CLANG_WARN_CONSTANT_CONVERSION = YES;
				CLANG_WARN_DEPRECATED_OBJC_IMPLEMENTATIONS = YES;
				CLANG_WARN_DIRECT_OBJC_ISA_USAGE = YES_ERROR;
				CLANG_WARN_DOCUMENTATION_COMMENTS = YES;
				CLANG_WARN_EMPTY_BODY = YES;
				CLANG_WARN_ENUM_CONVERSION = YES;
				CLANG_WARN_INFINITE_RECURSION = YES;
				CLANG_WARN_INT_CONVERSION = YES;
				CLANG_WARN_NON_LITERAL_NULL_CONVERSION = YES;
				CLANG_WARN_OBJC_IMPLICIT_RETAIN_SELF = YES;
				CLANG_WARN_OBJC_LITERAL_CONVERSION = YES;
				CLANG_WARN_OBJC_ROOT_CLASS = YES_ERROR;
				CLANG_WARN_QUOTED_INCLUDE_IN_FRAMEWORK_HEADER = YES;
				CLANG_WARN_RANGE_LOOP_ANALYSIS = YES;
				CLANG_WARN_STRICT_PROTOTYPES = YES;
				CLANG_WARN_SUSPICIOUS_MOVE = YES;
				CLANG_WARN_UNGUARDED_AVAILABILITY = YES_AGGRESSIVE;
				CLANG_WARN_UNREACHABLE_CODE = YES;
				CLANG_WARN__DUPLICATE_METHOD_MATCH = YES;
				COPY_PHASE_STRIP = NO;
				DEAD_CODE_STRIPPING = YES;
				DEBUG_INFORMATION_FORMAT = "dwarf-with-dsym";
				DEVELOPMENT_TEAM = 2NFSK2WB24;
				ENABLE_NS_ASSERTIONS = NO;
				ENABLE_STRICT_OBJC_MSGSEND = YES;
				ENABLE_USER_SCRIPT_SANDBOXING = NO;
				GCC_C_LANGUAGE_STANDARD = gnu17;
				GCC_NO_COMMON_BLOCKS = YES;
				GCC_WARN_64_TO_32_BIT_CONVERSION = YES;
				GCC_WARN_ABOUT_RETURN_TYPE = YES_ERROR;
				GCC_WARN_UNDECLARED_SELECTOR = YES;
				GCC_WARN_UNINITIALIZED_AUTOS = YES_AGGRESSIVE;
				GCC_WARN_UNUSED_FUNCTION = YES;
				GCC_WARN_UNUSED_VARIABLE = YES;
				IPHONEOS_DEPLOYMENT_TARGET = 26.0;
				MACOSX_DEPLOYMENT_TARGET = 26.0;
				MTL_ENABLE_DEBUG_INFO = NO;
				MTL_FAST_MATH = YES;
				STRING_CATALOG_GENERATE_SYMBOLS = YES;
				SWIFT_APPROACHABLE_CONCURRENCY = YES;
				SWIFT_COMPILATION_MODE = wholemodule;
				SWIFT_EMIT_LOC_STRINGS = YES;
				SWIFT_OPTIMIZATION_LEVEL = "-O";
				SWIFT_STRICT_CONCURRENCY = complete;
				SWIFT_VERSION = 6.3;
			};
			name = Release;
		};
		01BE9C53266AEBC00026C4ED /* Debug configuration for PBXNativeTarget "FART (iOS)" */ = {
			isa = XCBuildConfiguration;
			buildSettings = {
				ASSETCATALOG_COMPILER_APPICON_NAME = Icon;
				ASSETCATALOG_COMPILER_GLOBAL_ACCENT_COLOR_NAME = AccentColor;
				CODE_SIGN_IDENTITY = "Apple Development";
				CODE_SIGN_STYLE = Automatic;
				CURRENT_PROJECT_VERSION = 30;
				DEBUG_INFORMATION_FORMAT = "dwarf-with-dsym";
				ENABLE_PREVIEWS = YES;
				ENABLE_USER_SCRIPT_SANDBOXING = NO;
				INFOPLIST_FILE = iOS/Info.plist;
				INFOPLIST_KEY_CFBundleDisplayName = "Flight ART";
				INFOPLIST_KEY_ITSAppUsesNonExemptEncryption = NO;
				INFOPLIST_KEY_LSApplicationCategoryType = "public.app-category.utilities";
				IPHONEOS_DEPLOYMENT_TARGET = 26.0;
				LD_RUNPATH_SEARCH_PATHS = (
					"$(inherited)",
					"@executable_path/Frameworks",
				);
				MARKETING_VERSION = 1.1;
				PRODUCT_BUNDLE_IDENTIFIER = codes.tim.FART;
				PRODUCT_NAME = "Flight Assessment of Risk Tool";
				PROVISIONING_PROFILE_SPECIFIER = "";
				SDKROOT = iphoneos;
				TARGETED_DEVICE_FAMILY = "1,2";
			};
			name = Debug;
		};
		01BE9C54266AEBC00026C4ED /* Release configuration for PBXNativeTarget "FART (iOS)" */ = {
			isa = XCBuildConfiguration;
			buildSettings = {
				ASSETCATALOG_COMPILER_APPICON_NAME = Icon;
				ASSETCATALOG_COMPILER_GLOBAL_ACCENT_COLOR_NAME = AccentColor;
				CODE_SIGN_IDENTITY = "Apple Development";
				CODE_SIGN_STYLE = Automatic;
				CURRENT_PROJECT_VERSION = 30;
				DEBUG_INFORMATION_FORMAT = "dwarf-with-dsym";
				ENABLE_PREVIEWS = YES;
				ENABLE_USER_SCRIPT_SANDBOXING = NO;
				INFOPLIST_FILE = iOS/Info.plist;
				INFOPLIST_KEY_CFBundleDisplayName = "Flight ART";
				INFOPLIST_KEY_ITSAppUsesNonExemptEncryption = NO;
				INFOPLIST_KEY_LSApplicationCategoryType = "public.app-category.utilities";
				IPHONEOS_DEPLOYMENT_TARGET = 26.0;
				LD_RUNPATH_SEARCH_PATHS = (
					"$(inherited)",
					"@executable_path/Frameworks",
				);
				MARKETING_VERSION = 1.1;
				PRODUCT_BUNDLE_IDENTIFIER = codes.tim.FART;
				PRODUCT_NAME = "Flight Assessment of Risk Tool";
				PROVISIONING_PROFILE_SPECIFIER = "";
				SDKROOT = iphoneos;
				TARGETED_DEVICE_FAMILY = "1,2";
				VALIDATE_PRODUCT = YES;
			};
			name = Release;
		};
		01BE9C56266AEBC00026C4ED /* Debug configuration for PBXNativeTarget "FART (macOS)" */ = {
			isa = XCBuildConfiguration;
			buildSettings = {
				ASSETCATALOG_COMPILER_APPICON_NAME = Icon;
				ASSETCATALOG_COMPILER_GLOBAL_ACCENT_COLOR_NAME = AccentColor;
				CODE_SIGN_IDENTITY = "Apple Development";
				CODE_SIGN_STYLE = Automatic;
				COMBINE_HIDPI_IMAGES = YES;
				CURRENT_PROJECT_VERSION = 30;
				DEAD_CODE_STRIPPING = YES;
				ENABLE_APP_SANDBOX = YES;
				ENABLE_HARDENED_RUNTIME = YES;
				ENABLE_INCOMING_NETWORK_CONNECTIONS = NO;
				ENABLE_OUTGOING_NETWORK_CONNECTIONS = YES;
				ENABLE_PREVIEWS = YES;
				ENABLE_RESOURCE_ACCESS_AUDIO_INPUT = NO;
				ENABLE_RESOURCE_ACCESS_BLUETOOTH = NO;
				ENABLE_RESOURCE_ACCESS_CALENDARS = NO;
				ENABLE_RESOURCE_ACCESS_CAMERA = NO;
				ENABLE_RESOURCE_ACCESS_CONTACTS = NO;
				ENABLE_RESOURCE_ACCESS_LOCATION = NO;
				ENABLE_RESOURCE_ACCESS_PRINTING = YES;
				ENABLE_RESOURCE_ACCESS_USB = NO;
				ENABLE_USER_SELECTED_FILES = readwrite;
				GENERATE_INFOPLIST_FILE = YES;
				INFOPLIST_KEY_ITSAppUsesNonExemptEncryption = NO;
				INFOPLIST_KEY_LSApplicationCategoryType = "public.app-category.utilities";
				LD_RUNPATH_SEARCH_PATHS = (
					"$(inherited)",
					"@executable_path/../Frameworks",
				);
				MACOSX_DEPLOYMENT_TARGET = 26.0;
				MARKETING_VERSION = 1.1;
				PRODUCT_BUNDLE_IDENTIFIER = codes.tim.FART;
				PRODUCT_NAME = "Flight Assessment of Risk Tool";
				PROVISIONING_PROFILE_SPECIFIER = "";
				SDKROOT = macosx;
			};
			name = Debug;
		};
		01BE9C57266AEBC00026C4ED /* Release configuration for PBXNativeTarget "FART (macOS)" */ = {
			isa = XCBuildConfiguration;
			buildSettings = {
				ASSETCATALOG_COMPILER_APPICON_NAME = Icon;
				ASSETCATALOG_COMPILER_GLOBAL_ACCENT_COLOR_NAME = AccentColor;
				CODE_SIGN_IDENTITY = "Apple Development";
				CODE_SIGN_STYLE = Automatic;
				COMBINE_HIDPI_IMAGES = YES;
				CURRENT_PROJECT_VERSION = 30;
				DEAD_CODE_STRIPPING = YES;
				ENABLE_APP_SANDBOX = YES;
				ENABLE_HARDENED_RUNTIME = YES;
				ENABLE_INCOMING_NETWORK_CONNECTIONS = NO;
				ENABLE_OUTGOING_NETWORK_CONNECTIONS = YES;
				ENABLE_PREVIEWS = YES;
				ENABLE_RESOURCE_ACCESS_AUDIO_INPUT = NO;
				ENABLE_RESOURCE_ACCESS_BLUETOOTH = NO;
				ENABLE_RESOURCE_ACCESS_CALENDARS = NO;
				ENABLE_RESOURCE_ACCESS_CAMERA = NO;
				ENABLE_RESOURCE_ACCESS_CONTACTS = NO;
				ENABLE_RESOURCE_ACCESS_LOCATION = NO;
				ENABLE_RESOURCE_ACCESS_PRINTING = YES;
				ENABLE_RESOURCE_ACCESS_USB = NO;
				ENABLE_USER_SELECTED_FILES = readwrite;
				GENERATE_INFOPLIST_FILE = YES;
				INFOPLIST_KEY_ITSAppUsesNonExemptEncryption = NO;
				INFOPLIST_KEY_LSApplicationCategoryType = "public.app-category.utilities";
				LD_RUNPATH_SEARCH_PATHS = (
					"$(inherited)",
					"@executable_path/../Frameworks",
				);
				MACOSX_DEPLOYMENT_TARGET = 26.0;
				MARKETING_VERSION = 1.1;
				PRODUCT_BUNDLE_IDENTIFIER = codes.tim.FART;
				PRODUCT_NAME = "Flight Assessment of Risk Tool";
				PROVISIONING_PROFILE_SPECIFIER = "";
				SDKROOT = macosx;
			};
			name = Release;
		};
/* End XCBuildConfiguration section */

/* Begin XCConfigurationList section */
		019A35952E85FAE100F14F8C /* Build configuration list for PBXNativeTarget "FARTUnitTests" */ = {
			isa = XCConfigurationList;
			buildConfigurations = (
				019A35962E85FAE100F14F8C /* Debug configuration for PBXNativeTarget "FARTUnitTests" */,
				019A35972E85FAE100F14F8C /* Release configuration for PBXNativeTarget "FARTUnitTests" */,
			);
			defaultConfigurationName = Release;
		};
		019A35A42E85FAF100F14F8C /* Build configuration list for PBXNativeTarget "FARTUITests" */ = {
			isa = XCConfigurationList;
			buildConfigurations = (
				019A35A52E85FAF100F14F8C /* Debug configuration for PBXNativeTarget "FARTUITests" */,
				019A35A62E85FAF100F14F8C /* Release configuration for PBXNativeTarget "FARTUITests" */,
			);
			defaultConfigurationName = Release;
		};
		019A35C62E861E4C00F14F8C /* Build configuration list for PBXNativeTarget "Generate Screenshots" */ = {
			isa = XCConfigurationList;
			buildConfigurations = (
				019A35C72E861E4C00F14F8C /* Debug configuration for PBXNativeTarget "Generate Screenshots" */,
				019A35C82E861E4C00F14F8C /* Release configuration for PBXNativeTarget "Generate Screenshots" */,
			);
			defaultConfigurationName = Release;
		};
		01BE9C35266AEBBE0026C4ED /* Build configuration list for PBXProject "Flight Assessment of Risk Tool" */ = {
			isa = XCConfigurationList;
			buildConfigurations = (
				01BE9C50266AEBC00026C4ED /* Debug configuration for PBXProject "Flight Assessment of Risk Tool" */,
				01BE9C51266AEBC00026C4ED /* Release configuration for PBXProject "Flight Assessment of Risk Tool" */,
			);
			defaultConfigurationName = Release;
		};
		01BE9C52266AEBC00026C4ED /* Build configuration list for PBXNativeTarget "FART (iOS)" */ = {
			isa = XCConfigurationList;
			buildConfigurations = (
				01BE9C53266AEBC00026C4ED /* Debug configuration for PBXNativeTarget "FART (iOS)" */,
				01BE9C54266AEBC00026C4ED /* Release configuration for PBXNativeTarget "FART (iOS)" */,
			);
			defaultConfigurationName = Release;
		};
		01BE9C55266AEBC00026C4ED /* Build configuration list for PBXNativeTarget "FART (macOS)" */ = {
			isa = XCConfigurationList;
			buildConfigurations = (
				01BE9C56266AEBC00026C4ED /* Debug configuration for PBXNativeTarget "FART (macOS)" */,
				01BE9C57266AEBC00026C4ED /* Release configuration for PBXNativeTarget "FART (macOS)" */,
			);
			defaultConfigurationName = Release;
		};
/* End XCConfigurationList section */

/* Begin XCRemoteSwiftPackageReference section */
		015922592FCA2B45007FB6BB /* XCRemoteSwiftPackageReference "XCUITestKit" */ = {
			isa = XCRemoteSwiftPackageReference;
			repositoryURL = "https://github.com/RISCfuture/XCUITestKit";
			requirement = {
				branch = main;
				kind = branch;
			};
		};
		01D2507A266B436F009BECAA /* XCRemoteSwiftPackageReference "Defaults" */ = {
			isa = XCRemoteSwiftPackageReference;
			repositoryURL = "https://github.com/sindresorhus/Defaults";
			requirement = {
				kind = upToNextMajorVersion;
				minimumVersion = 9.0.0;
			};
		};
		A85C1CBD8C5042C695024A73 /* XCRemoteSwiftPackageReference "sentry-cocoa" */ = {
			isa = XCRemoteSwiftPackageReference;
			repositoryURL = "https://github.com/getsentry/sentry-cocoa/";
			requirement = {
				kind = upToNextMajorVersion;
				minimumVersion = 9.0.0;
			};
		};
/* End XCRemoteSwiftPackageReference section */

/* Begin XCSwiftPackageProductDependency section */
		0159225A2FCA2B45007FB6BB /* XCUITestKit */ = {
			isa = XCSwiftPackageProductDependency;
			package = 015922592FCA2B45007FB6BB /* XCRemoteSwiftPackageReference "XCUITestKit" */;
			productName = XCUITestKit;
		};
		017F9F5E2EB145E800789538 /* Sentry */ = {
			isa = XCSwiftPackageProductDependency;
			package = A85C1CBD8C5042C695024A73 /* XCRemoteSwiftPackageReference "sentry-cocoa" */;
			productName = Sentry;
		};
		019DB8462E8780D8002E7411 /* Defaults */ = {
			isa = XCSwiftPackageProductDependency;
			package = 01D2507A266B436F009BECAA /* XCRemoteSwiftPackageReference "Defaults" */;
			productName = Defaults;
		};
		01D2507B266B436F009BECAA /* Defaults */ = {
			isa = XCSwiftPackageProductDependency;
			package = 01D2507A266B436F009BECAA /* XCRemoteSwiftPackageReference "Defaults" */;
			productName = Defaults;
		};
		01D2507E266B437B009BECAA /* Defaults */ = {
			isa = XCSwiftPackageProductDependency;
			package = 01D2507A266B436F009BECAA /* XCRemoteSwiftPackageReference "Defaults" */;
			productName = Defaults;
		};
		01EB02DB2FCA2CEF007C3D1E /* XCUITestKit */ = {
			isa = XCSwiftPackageProductDependency;
			package = 015922592FCA2B45007FB6BB /* XCRemoteSwiftPackageReference "XCUITestKit" */;
			productName = XCUITestKit;
		};
		9373A74ADA3745F38306B8B8 /* Sentry */ = {
			isa = XCSwiftPackageProductDependency;
			package = A85C1CBD8C5042C695024A73 /* XCRemoteSwiftPackageReference "sentry-cocoa" */;
			productName = Sentry;
		};
/* End XCSwiftPackageProductDependency section */
	};
	rootObject = 01BE9C32266AEBBE0026C4ED /* Project object */;
}
