{
  "originHash" : "a9c83e62f3d77bced04e6561c406901c70f6d33d34060af2fb9f37f1b1f126b3",
  "pins" : [
    {
      "identity" : "defaults",
      "kind" : "remoteSourceControl",
      "location" : "https://github.com/sindresorhus/Defaults",
      "state" : {
        "revision" : "38925e3cfacf3fb89a81a35b1cd44fd5a5b7e0fa",
        "version" : "8.2.0"
      }
    },
    {
      "identity" : "sentry-cocoa",
      "kind" : "remoteSourceControl",
      "location" : "https://github.com/getsentry/sentry-cocoa/",
      "state" : {
        "revision" : "9e193ac0b71760603aa666bad7e9e303dd7031a8",
        "version" : "8.56.2"
      }
    }
  ],
  "version" : 3
}
