{
  "originHash" : "ee6083012df93f38fab59077afe81540593c07c740d99145847af24d0ad6b3e0",
  "pins" : [
    {
      "identity" : "defaults",
      "kind" : "remoteSourceControl",
      "location" : "https://github.com/sindresorhus/Defaults",
      "state" : {
        "revision" : "00a7465a0668a87fa159e779b9d80f1f9652357e",
        "version" : "9.0.9"
      }
    },
    {
      "identity" : "measurementkit",
      "kind" : "remoteSourceControl",
      "location" : "https://github.com/RISCfuture/MeasurementKit",
      "state" : {
        "revision" : "d04642c96f5406ed3b504334593a268d698d47ca",
        "version" : "1.0.0"
      }
    },
    {
      "identity" : "sentry-cocoa",
      "kind" : "remoteSourceControl",
      "location" : "https://github.com/getsentry/sentry-cocoa/",
      "state" : {
        "revision" : "cd213f98af160e6497eeff0707bc3f6a205b159c",
        "version" : "9.26.0"
      }
    },
    {
      "identity" : "swift-numerics",
      "kind" : "remoteSourceControl",
      "location" : "https://github.com/apple/swift-numerics",
      "state" : {
        "revision" : "0c0290ff6b24942dadb83a929ffaaa1481df04a2",
        "version" : "1.1.1"
      }
    },
    {
      "identity" : "swift-syntax",
      "kind" : "remoteSourceControl",
      "location" : "https://github.com/swiftlang/swift-syntax",
      "state" : {
        "revision" : "79e4b74a295b6eb74a8b585e3a39d29e70c1dbd1",
        "version" : "603.0.2"
      }
    },
    {
      "identity" : "xcuitestkit",
      "kind" : "remoteSourceControl",
      "location" : "https://github.com/RISCfuture/XCUITestKit",
      "state" : {
        "branch" : "main",
        "revision" : "797d5d183a67b0bb3034250d34d27f838f6cbab5"
      }
    }
  ],
  "version" : 3
}
